// !$*UTF8*$!
{
	archiveVersion = 1;
	classes = {
	};
	objectVersion = 46;
	objects = {

/* Begin PBXBuildFile section */
		5D38E68219867062006F7A59 /* DCMenuContainerViewController.m in Sources */ = {isa = PBXBuildFile; fileRef = 5D38E68119867062006F7A59 /* DCMenuContainerViewController.m */; };
		5D38E696198692E9006F7A59 /* DCSpeakersViewController.m in Sources */ = {isa = PBXBuildFile; fileRef = 5D38E695198692E9006F7A59 /* DCSpeakersViewController.m */; };
		5D38E69919869303006F7A59 /* DCProgramViewController.m in Sources */ = {isa = PBXBuildFile; fileRef = 5D38E69819869303006F7A59 /* DCProgramViewController.m */; };
		5D38E69D1987A631006F7A59 /* DCSideMenuCell.m in Sources */ = {isa = PBXBuildFile; fileRef = 5D38E69C1987A631006F7A59 /* DCSideMenuCell.m */; };
		5D38E6A11987A673006F7A59 /* DCTextField.m in Sources */ = {isa = PBXBuildFile; fileRef = 5D38E6A01987A673006F7A59 /* DCTextField.m */; };
		5D6449A71988E9DA00BC1775 /* DCMenuImage.m in Sources */ = {isa = PBXBuildFile; fileRef = 5D6449A61988E9DA00BC1775 /* DCMenuImage.m */; };
		5D6449AD1988ECA400BC1775 /* DCMenuStoryboardHelper.m in Sources */ = {isa = PBXBuildFile; fileRef = 5D6449AC1988ECA400BC1775 /* DCMenuStoryboardHelper.m */; };
		5D6449B1198908C600BC1775 /* DCProgramItemsViewController.m in Sources */ = {isa = PBXBuildFile; fileRef = 5D6449B0198908C600BC1775 /* DCProgramItemsViewController.m */; };
		5D6449CA19893BAD00BC1775 /* DCSpeechCell.m in Sources */ = {isa = PBXBuildFile; fileRef = 5D6449C919893BAD00BC1775 /* DCSpeechCell.m */; };
		5D6449CD19893BC300BC1775 /* DCSpeechOfDayCell.m in Sources */ = {isa = PBXBuildFile; fileRef = 5D6449CC19893BC300BC1775 /* DCSpeechOfDayCell.m */; };
		5D6449D019893BD700BC1775 /* DCCofeeCell.m in Sources */ = {isa = PBXBuildFile; fileRef = 5D6449CF19893BD700BC1775 /* DCCofeeCell.m */; };
		5D6449D319893BEF00BC1775 /* DCLunchCell.m in Sources */ = {isa = PBXBuildFile; fileRef = 5D6449D219893BEF00BC1775 /* DCLunchCell.m */; };
		5D6449D7198A93E400BC1775 /* DCProgramHeaderCellView.m in Sources */ = {isa = PBXBuildFile; fileRef = 5D6449D6198A93E400BC1775 /* DCProgramHeaderCellView.m */; };
		5D6449DF198ABA4E00BC1775 /* DCAppFacade.m in Sources */ = {isa = PBXBuildFile; fileRef = 5D6449DE198ABA4E00BC1775 /* DCAppFacade.m */; };
		5DC8C415198656DA00BF5816 /* Foundation.framework in Frameworks */ = {isa = PBXBuildFile; fileRef = 5DC8C414198656DA00BF5816 /* Foundation.framework */; };
		5DC8C417198656DA00BF5816 /* CoreGraphics.framework in Frameworks */ = {isa = PBXBuildFile; fileRef = 5DC8C416198656DA00BF5816 /* CoreGraphics.framework */; };
		5DC8C419198656DA00BF5816 /* UIKit.framework in Frameworks */ = {isa = PBXBuildFile; fileRef = 5DC8C418198656DA00BF5816 /* UIKit.framework */; };
		5DC8C41F198656DB00BF5816 /* InfoPlist.strings in Resources */ = {isa = PBXBuildFile; fileRef = 5DC8C41D198656DB00BF5816 /* InfoPlist.strings */; };
		5DC8C421198656DB00BF5816 /* main.m in Sources */ = {isa = PBXBuildFile; fileRef = 5DC8C420198656DB00BF5816 /* main.m */; };
		5DC8C428198656DB00BF5816 /* Main.storyboard in Resources */ = {isa = PBXBuildFile; fileRef = 5DC8C426198656DB00BF5816 /* Main.storyboard */; };
		5DC8C42D198656DB00BF5816 /* Images.xcassets in Resources */ = {isa = PBXBuildFile; fileRef = 5DC8C42C198656DB00BF5816 /* Images.xcassets */; };
		5DC8C434198656DB00BF5816 /* XCTest.framework in Frameworks */ = {isa = PBXBuildFile; fileRef = 5DC8C433198656DB00BF5816 /* XCTest.framework */; };
		5DC8C435198656DB00BF5816 /* Foundation.framework in Frameworks */ = {isa = PBXBuildFile; fileRef = 5DC8C414198656DA00BF5816 /* Foundation.framework */; };
		5DC8C436198656DB00BF5816 /* UIKit.framework in Frameworks */ = {isa = PBXBuildFile; fileRef = 5DC8C418198656DA00BF5816 /* UIKit.framework */; };
		5DC8C43E198656DB00BF5816 /* InfoPlist.strings in Resources */ = {isa = PBXBuildFile; fileRef = 5DC8C43C198656DB00BF5816 /* InfoPlist.strings */; };
		5DC8C440198656DB00BF5816 /* DrupalConTests.m in Sources */ = {isa = PBXBuildFile; fileRef = 5DC8C43F198656DB00BF5816 /* DrupalConTests.m */; };
		5DC8C459198658BF00BF5816 /* AppDelegate.m in Sources */ = {isa = PBXBuildFile; fileRef = 5DC8C455198658BF00BF5816 /* AppDelegate.m */; };
		5DC8C46C198658FF00BF5816 /* DCLoginViewController.m in Sources */ = {isa = PBXBuildFile; fileRef = 5DC8C463198658FF00BF5816 /* DCLoginViewController.m */; };
		5DC8C46D198658FF00BF5816 /* MFSideMenuContainerViewController.m in Sources */ = {isa = PBXBuildFile; fileRef = 5DC8C467198658FF00BF5816 /* MFSideMenuContainerViewController.m */; };
		5DC8C46E198658FF00BF5816 /* MFSideMenuShadow.m in Sources */ = {isa = PBXBuildFile; fileRef = 5DC8C469198658FF00BF5816 /* MFSideMenuShadow.m */; };
		5DC8C46F198658FF00BF5816 /* UIViewController+MFSideMenuAdditions.m in Sources */ = {isa = PBXBuildFile; fileRef = 5DC8C46B198658FF00BF5816 /* UIViewController+MFSideMenuAdditions.m */; };
		5DC8C4731986594400BF5816 /* DCBaseViewController.m in Sources */ = {isa = PBXBuildFile; fileRef = 5DC8C4721986594400BF5816 /* DCBaseViewController.m */; };
		5DC8C47A19865C8400BF5816 /* DCSideMenuViewController.m in Sources */ = {isa = PBXBuildFile; fileRef = 5DC8C47919865C8400BF5816 /* DCSideMenuViewController.m */; };
		74086C6519C1E9F60018C825 /* style.css in Resources */ = {isa = PBXBuildFile; fileRef = 74086C6419C1E9F60018C825 /* style.css */; };
		74356D5219BEE1D90055F13D /* SystemConfiguration.framework in Frameworks */ = {isa = PBXBuildFile; fileRef = 74356D5119BEE1D90055F13D /* SystemConfiguration.framework */; };
		74356D5819BEE4860055F13D /* Reachability.m in Sources */ = {isa = PBXBuildFile; fileRef = 74356D5719BEE4860055F13D /* Reachability.m */; };
		74356D5B19BF3B290055F13D /* UIWebView+DC.m in Sources */ = {isa = PBXBuildFile; fileRef = 74356D5A19BF3B290055F13D /* UIWebView+DC.m */; };
		74A43C6D19BDDE9200F7BFA0 /* NSDictionary+DC.m in Sources */ = {isa = PBXBuildFile; fileRef = 74A43C6C19BDDE9200F7BFA0 /* NSDictionary+DC.m */; };
		74A470E819B5EA3C00B01BC5 /* MapKit.framework in Frameworks */ = {isa = PBXBuildFile; fileRef = 74A470E719B5EA3C00B01BC5 /* MapKit.framework */; };
		74A6278819B8A37200B46B75 /* DCFavoritesViewController.m in Sources */ = {isa = PBXBuildFile; fileRef = 74A6278719B8A37200B46B75 /* DCFavoritesViewController.m */; };
		74E67C7219B6FDF400DF9D71 /* DCLocationViewController.m in Sources */ = {isa = PBXBuildFile; fileRef = 74E67C7119B6FDF400DF9D71 /* DCLocationViewController.m */; };
		74E67C7519B6FE9800DF9D71 /* DCPin.m in Sources */ = {isa = PBXBuildFile; fileRef = 74E67C7419B6FE9800DF9D71 /* DCPin.m */; };
		74E67C7719B6FEF500DF9D71 /* CoreLocation.framework in Frameworks */ = {isa = PBXBuildFile; fileRef = 74E67C7619B6FEF500DF9D71 /* CoreLocation.framework */; };
		74E67C8019B7133C00DF9D71 /* DCLocation+DC.m in Sources */ = {isa = PBXBuildFile; fileRef = 74E67C7F19B7133C00DF9D71 /* DCLocation+DC.m */; };
		74E8380E19C061CD000D2BE4 /* MKAnnotationView+WebCache.m in Sources */ = {isa = PBXBuildFile; fileRef = 74E837EE19C061CD000D2BE4 /* MKAnnotationView+WebCache.m */; };
		74E8380F19C061CD000D2BE4 /* NSData+ImageContentType.m in Sources */ = {isa = PBXBuildFile; fileRef = 74E837F019C061CD000D2BE4 /* NSData+ImageContentType.m */; };
		74E8381019C061CD000D2BE4 /* SDImageCache.m in Sources */ = {isa = PBXBuildFile; fileRef = 74E837F219C061CD000D2BE4 /* SDImageCache.m */; };
		74E8381119C061CD000D2BE4 /* SDWebImageCompat.m in Sources */ = {isa = PBXBuildFile; fileRef = 74E837F419C061CD000D2BE4 /* SDWebImageCompat.m */; };
		74E8381219C061CD000D2BE4 /* SDWebImageDecoder.m in Sources */ = {isa = PBXBuildFile; fileRef = 74E837F619C061CD000D2BE4 /* SDWebImageDecoder.m */; };
		74E8381319C061CD000D2BE4 /* SDWebImageDownloader.m in Sources */ = {isa = PBXBuildFile; fileRef = 74E837F819C061CD000D2BE4 /* SDWebImageDownloader.m */; };
		74E8381419C061CD000D2BE4 /* SDWebImageDownloaderOperation.m in Sources */ = {isa = PBXBuildFile; fileRef = 74E837FA19C061CD000D2BE4 /* SDWebImageDownloaderOperation.m */; };
		74E8381519C061CD000D2BE4 /* SDWebImageManager.m in Sources */ = {isa = PBXBuildFile; fileRef = 74E837FC19C061CD000D2BE4 /* SDWebImageManager.m */; };
		74E8381619C061CD000D2BE4 /* SDWebImagePrefetcher.m in Sources */ = {isa = PBXBuildFile; fileRef = 74E837FF19C061CD000D2BE4 /* SDWebImagePrefetcher.m */; };
		74E8381719C061CD000D2BE4 /* UIButton+WebCache.m in Sources */ = {isa = PBXBuildFile; fileRef = 74E8380119C061CD000D2BE4 /* UIButton+WebCache.m */; };
		74E8381819C061CD000D2BE4 /* UIImage+GIF.m in Sources */ = {isa = PBXBuildFile; fileRef = 74E8380319C061CD000D2BE4 /* UIImage+GIF.m */; };
		74E8381919C061CD000D2BE4 /* UIImage+MultiFormat.m in Sources */ = {isa = PBXBuildFile; fileRef = 74E8380519C061CD000D2BE4 /* UIImage+MultiFormat.m */; };
		74E8381A19C061CD000D2BE4 /* UIImage+WebP.m in Sources */ = {isa = PBXBuildFile; fileRef = 74E8380719C061CD000D2BE4 /* UIImage+WebP.m */; };
		74E8381B19C061CD000D2BE4 /* UIImageView+HighlightedWebCache.m in Sources */ = {isa = PBXBuildFile; fileRef = 74E8380919C061CD000D2BE4 /* UIImageView+HighlightedWebCache.m */; };
		74E8381C19C061CD000D2BE4 /* UIImageView+WebCache.m in Sources */ = {isa = PBXBuildFile; fileRef = 74E8380B19C061CD000D2BE4 /* UIImageView+WebCache.m */; };
		74E8381D19C061CD000D2BE4 /* UIView+WebCacheOperation.m in Sources */ = {isa = PBXBuildFile; fileRef = 74E8380D19C061CD000D2BE4 /* UIView+WebCacheOperation.m */; };
		74E8382019C09371000D2BE4 /* NSString+HTML.m in Sources */ = {isa = PBXBuildFile; fileRef = 74E8381F19C09371000D2BE4 /* NSString+HTML.m */; };
		74F0340519B4A965007E4AB9 /* DCAboutViewController.m in Sources */ = {isa = PBXBuildFile; fileRef = 74F0340419B4A965007E4AB9 /* DCAboutViewController.m */; };
		74F159CB19B9DD750033B31F /* DCFavoriteSourceManager.m in Sources */ = {isa = PBXBuildFile; fileRef = 74F159CA19B9DD750033B31F /* DCFavoriteSourceManager.m */; };
		840C455519BF419700CC144B /* DCBof+DC.m in Sources */ = {isa = PBXBuildFile; fileRef = 840C455419BF419700CC144B /* DCBof+DC.m */; };
		849CF80419A5EFEC00C84675 /* DCMainProxy.m in Sources */ = {isa = PBXBuildFile; fileRef = 849CF80319A5EFEC00C84675 /* DCMainProxy.m */; };
		849CF82119A6246A00C84675 /* NSDate+DC.m in Sources */ = {isa = PBXBuildFile; fileRef = 849CF82019A6246A00C84675 /* NSDate+DC.m */; };
		849CF82419A62F8600C84675 /* DCMainProxy+Additions.m in Sources */ = {isa = PBXBuildFile; fileRef = 849CF82319A62F8600C84675 /* DCMainProxy+Additions.m */; };
		849D92C219ADCCDD00977D67 /* DCNavViewController.m in Sources */ = {isa = PBXBuildFile; fileRef = 849D92C119ADCCDD00977D67 /* DCNavViewController.m */; };
		849D92C519ADEA8700977D67 /* DCSpeaker+DC.m in Sources */ = {isa = PBXBuildFile; fileRef = 849D92C419ADEA8700977D67 /* DCSpeaker+DC.m */; };
		849D92C819ADF31D00977D67 /* UIImageView+DC.m in Sources */ = {isa = PBXBuildFile; fileRef = 849D92C719ADF31D00977D67 /* UIImageView+DC.m */; };
		849D92CB19ADF98600977D67 /* DCSpeakerHeaderCell.m in Sources */ = {isa = PBXBuildFile; fileRef = 849D92CA19ADF98600977D67 /* DCSpeakerHeaderCell.m */; };
		849D92D119AE07D200977D67 /* DCSpeakersDetailViewController.m in Sources */ = {isa = PBXBuildFile; fileRef = 849D92D019AE07D200977D67 /* DCSpeakersDetailViewController.m */; };
		849D92D819AE295200977D67 /* DCEventDetailTitleCell.m in Sources */ = {isa = PBXBuildFile; fileRef = 849D92D719AE295200977D67 /* DCEventDetailTitleCell.m */; };
		849D92DE19AE29B000977D67 /* DCEventDetailHeader2Cell.m in Sources */ = {isa = PBXBuildFile; fileRef = 849D92DD19AE29B000977D67 /* DCEventDetailHeader2Cell.m */; };
		849D92E119AE29D100977D67 /* DCEventDetailEmptyCell.m in Sources */ = {isa = PBXBuildFile; fileRef = 849D92E019AE29D100977D67 /* DCEventDetailEmptyCell.m */; };
		849D92E419AE2A6600977D67 /* DCDescriptionTextCell.m in Sources */ = {isa = PBXBuildFile; fileRef = 849D92E319AE2A6600977D67 /* DCDescriptionTextCell.m */; };
		849E84FF19AF385D006F43B3 /* DCSpeakerEventCell.m in Sources */ = {isa = PBXBuildFile; fileRef = 849E84FE19AF385D006F43B3 /* DCSpeakerEventCell.m */; };
		849E851D19AF677A006F43B3 /* DCLevel+DC.m in Sources */ = {isa = PBXBuildFile; fileRef = 849E851C19AF677A006F43B3 /* DCLevel+DC.m */; };
		849E852019AF679F006F43B3 /* DCTrack+DC.m in Sources */ = {isa = PBXBuildFile; fileRef = 849E851F19AF679F006F43B3 /* DCTrack+DC.m */; };
		849EFDA319A49FB600C43E05 /* main.xcdatamodeld in Sources */ = {isa = PBXBuildFile; fileRef = 849EFDA119A49FB600C43E05 /* main.xcdatamodeld */; };
		849EFDDB19A4ACB800C43E05 /* CoreData.framework in Frameworks */ = {isa = PBXBuildFile; fileRef = 849EFDDA19A4ACB800C43E05 /* CoreData.framework */; };
		849EFE1219A4D63500C43E05 /* DCDataProvider.m in Sources */ = {isa = PBXBuildFile; fileRef = 849EFE1119A4D63500C43E05 /* DCDataProvider.m */; };
		849EFE1E19A4EB2100C43E05 /* DCEvent+DC.m in Sources */ = {isa = PBXBuildFile; fileRef = 849EFE1D19A4EB2100C43E05 /* DCEvent+DC.m */; };
		849EFE2119A4FB9600C43E05 /* DCProgram+DC.m in Sources */ = {isa = PBXBuildFile; fileRef = 849EFE2019A4FB9600C43E05 /* DCProgram+DC.m */; };
		849EFE4119A5067000C43E05 /* DCType+DC.m in Sources */ = {isa = PBXBuildFile; fileRef = 849EFE4019A5067000C43E05 /* DCType+DC.m */; };
		84A06E2B19ACA2F700104876 /* DCSpeakerCell.m in Sources */ = {isa = PBXBuildFile; fileRef = 84A06E2A19ACA2F700104876 /* DCSpeakerCell.m */; };
		84A06E2F19ACA41100104876 /* DCFavoriteButton.m in Sources */ = {isa = PBXBuildFile; fileRef = 84A06E2E19ACA41100104876 /* DCFavoriteButton.m */; };
		84A06E3319ACBA0600104876 /* DCEventDetailViewController.m in Sources */ = {isa = PBXBuildFile; fileRef = 84A06E3219ACBA0600104876 /* DCEventDetailViewController.m */; };
		84A24FB519C1B254006EF17E /* DCSpeechBaseCell.m in Sources */ = {isa = PBXBuildFile; fileRef = 84A24FB419C1B254006EF17E /* DCSpeechBaseCell.m */; };
		84A24FB819C1F607006EF17E /* DCBof.m in Sources */ = {isa = PBXBuildFile; fileRef = 84A24FB719C1F607006EF17E /* DCBof.m */; };
		84A24FBB19C1F608006EF17E /* DCLocation.m in Sources */ = {isa = PBXBuildFile; fileRef = 84A24FBA19C1F608006EF17E /* DCLocation.m */; };
		84A24FBE19C1F608006EF17E /* DCLevel.m in Sources */ = {isa = PBXBuildFile; fileRef = 84A24FBD19C1F608006EF17E /* DCLevel.m */; };
		84A24FC119C1F608006EF17E /* DCFavoriteEvent.m in Sources */ = {isa = PBXBuildFile; fileRef = 84A24FC019C1F608006EF17E /* DCFavoriteEvent.m */; };
		84A24FC419C1F608006EF17E /* DCProgram.m in Sources */ = {isa = PBXBuildFile; fileRef = 84A24FC319C1F608006EF17E /* DCProgram.m */; };
		84A24FC719C1F608006EF17E /* DCTime.m in Sources */ = {isa = PBXBuildFile; fileRef = 84A24FC619C1F608006EF17E /* DCTime.m */; };
		84A24FCA19C1F609006EF17E /* DCTrack.m in Sources */ = {isa = PBXBuildFile; fileRef = 84A24FC919C1F609006EF17E /* DCTrack.m */; };
		84A24FCD19C1F609006EF17E /* DCEvent.m in Sources */ = {isa = PBXBuildFile; fileRef = 84A24FCC19C1F609006EF17E /* DCEvent.m */; };
		84A24FD019C1F609006EF17E /* DCSpeaker.m in Sources */ = {isa = PBXBuildFile; fileRef = 84A24FCF19C1F609006EF17E /* DCSpeaker.m */; };
		84A24FD319C1F609006EF17E /* DCTimeRange.m in Sources */ = {isa = PBXBuildFile; fileRef = 84A24FD219C1F609006EF17E /* DCTimeRange.m */; };
		84A24FD619C1F609006EF17E /* DCType.m in Sources */ = {isa = PBXBuildFile; fileRef = 84A24FD519C1F609006EF17E /* DCType.m */; };
		84ABE8F519BEEB8F0019D5DC /* DCEventStrategy.m in Sources */ = {isa = PBXBuildFile; fileRef = 84ABE8F419BEEB8F0019D5DC /* DCEventStrategy.m */; };
		84FAE0E819A645E000DC9FF1 /* NSArray+DC.m in Sources */ = {isa = PBXBuildFile; fileRef = 84FAE0E719A645E000DC9FF1 /* NSArray+DC.m */; };
		84FAE10919A65FEA00DC9FF1 /* DCTime+DC.m in Sources */ = {isa = PBXBuildFile; fileRef = 84FAE10819A65FEA00DC9FF1 /* DCTime+DC.m */; };
		84FAE10C19A6600900DC9FF1 /* DCTimeRange+DC.m in Sources */ = {isa = PBXBuildFile; fileRef = 84FAE10B19A6600900DC9FF1 /* DCTimeRange+DC.m */; };
/* End PBXBuildFile section */

/* Begin PBXContainerItemProxy section */
		5DC8C437198656DB00BF5816 /* PBXContainerItemProxy */ = {
			isa = PBXContainerItemProxy;
			containerPortal = 5DC8C409198656DA00BF5816 /* Project object */;
			proxyType = 1;
			remoteGlobalIDString = 5DC8C410198656DA00BF5816;
			remoteInfo = DrupalCon;
		};
/* End PBXContainerItemProxy section */

/* Begin PBXFileReference section */
		5D38E68019867062006F7A59 /* DCMenuContainerViewController.h */ = {isa = PBXFileReference; fileEncoding = 4; lastKnownFileType = sourcecode.c.h; name = DCMenuContainerViewController.h; path = MenuContainer/DCMenuContainerViewController.h; sourceTree = "<group>"; };
		5D38E68119867062006F7A59 /* DCMenuContainerViewController.m */ = {isa = PBXFileReference; fileEncoding = 4; lastKnownFileType = sourcecode.c.objc; name = DCMenuContainerViewController.m; path = MenuContainer/DCMenuContainerViewController.m; sourceTree = "<group>"; };
		5D38E694198692E9006F7A59 /* DCSpeakersViewController.h */ = {isa = PBXFileReference; fileEncoding = 4; lastKnownFileType = sourcecode.c.h; path = DCSpeakersViewController.h; sourceTree = "<group>"; };
		5D38E695198692E9006F7A59 /* DCSpeakersViewController.m */ = {isa = PBXFileReference; fileEncoding = 4; lastKnownFileType = sourcecode.c.objc; path = DCSpeakersViewController.m; sourceTree = "<group>"; };
		5D38E69719869303006F7A59 /* DCProgramViewController.h */ = {isa = PBXFileReference; fileEncoding = 4; lastKnownFileType = sourcecode.c.h; path = DCProgramViewController.h; sourceTree = "<group>"; };
		5D38E69819869303006F7A59 /* DCProgramViewController.m */ = {isa = PBXFileReference; fileEncoding = 4; lastKnownFileType = sourcecode.c.objc; path = DCProgramViewController.m; sourceTree = "<group>"; };
		5D38E69B1987A631006F7A59 /* DCSideMenuCell.h */ = {isa = PBXFileReference; fileEncoding = 4; lastKnownFileType = sourcecode.c.h; path = DCSideMenuCell.h; sourceTree = "<group>"; };
		5D38E69C1987A631006F7A59 /* DCSideMenuCell.m */ = {isa = PBXFileReference; fileEncoding = 4; lastKnownFileType = sourcecode.c.objc; path = DCSideMenuCell.m; sourceTree = "<group>"; };
		5D38E69F1987A673006F7A59 /* DCTextField.h */ = {isa = PBXFileReference; fileEncoding = 4; lastKnownFileType = sourcecode.c.h; name = DCTextField.h; path = Classes/Views/CustomTextField/DCTextField.h; sourceTree = "<group>"; };
		5D38E6A01987A673006F7A59 /* DCTextField.m */ = {isa = PBXFileReference; fileEncoding = 4; lastKnownFileType = sourcecode.c.objc; name = DCTextField.m; path = Classes/Views/CustomTextField/DCTextField.m; sourceTree = "<group>"; };
		5D6449A51988E9DA00BC1775 /* DCMenuImage.h */ = {isa = PBXFileReference; fileEncoding = 4; lastKnownFileType = sourcecode.c.h; path = DCMenuImage.h; sourceTree = "<group>"; };
		5D6449A61988E9DA00BC1775 /* DCMenuImage.m */ = {isa = PBXFileReference; fileEncoding = 4; lastKnownFileType = sourcecode.c.objc; path = DCMenuImage.m; sourceTree = "<group>"; };
		5D6449A81988EA0800BC1775 /* DCSideMenuType.h */ = {isa = PBXFileReference; lastKnownFileType = sourcecode.c.h; path = DCSideMenuType.h; sourceTree = "<group>"; };
		5D6449AB1988ECA400BC1775 /* DCMenuStoryboardHelper.h */ = {isa = PBXFileReference; fileEncoding = 4; lastKnownFileType = sourcecode.c.h; path = DCMenuStoryboardHelper.h; sourceTree = "<group>"; };
		5D6449AC1988ECA400BC1775 /* DCMenuStoryboardHelper.m */ = {isa = PBXFileReference; fileEncoding = 4; lastKnownFileType = sourcecode.c.objc; path = DCMenuStoryboardHelper.m; sourceTree = "<group>"; };
		5D6449AF198908C600BC1775 /* DCProgramItemsViewController.h */ = {isa = PBXFileReference; fileEncoding = 4; lastKnownFileType = sourcecode.c.h; path = DCProgramItemsViewController.h; sourceTree = "<group>"; };
		5D6449B0198908C600BC1775 /* DCProgramItemsViewController.m */ = {isa = PBXFileReference; fileEncoding = 4; lastKnownFileType = sourcecode.c.objc; path = DCProgramItemsViewController.m; sourceTree = "<group>"; };
		5D6449C819893BAD00BC1775 /* DCSpeechCell.h */ = {isa = PBXFileReference; fileEncoding = 4; lastKnownFileType = sourcecode.c.h; name = DCSpeechCell.h; path = Classes/Views/ProgramCells/DCSpeechCell.h; sourceTree = "<group>"; };
		5D6449C919893BAD00BC1775 /* DCSpeechCell.m */ = {isa = PBXFileReference; fileEncoding = 4; lastKnownFileType = sourcecode.c.objc; name = DCSpeechCell.m; path = Classes/Views/ProgramCells/DCSpeechCell.m; sourceTree = "<group>"; };
		5D6449CB19893BC300BC1775 /* DCSpeechOfDayCell.h */ = {isa = PBXFileReference; fileEncoding = 4; lastKnownFileType = sourcecode.c.h; name = DCSpeechOfDayCell.h; path = Classes/Views/ProgramCells/DCSpeechOfDayCell.h; sourceTree = "<group>"; };
		5D6449CC19893BC300BC1775 /* DCSpeechOfDayCell.m */ = {isa = PBXFileReference; fileEncoding = 4; lastKnownFileType = sourcecode.c.objc; name = DCSpeechOfDayCell.m; path = Classes/Views/ProgramCells/DCSpeechOfDayCell.m; sourceTree = "<group>"; };
		5D6449CE19893BD700BC1775 /* DCCofeeCell.h */ = {isa = PBXFileReference; fileEncoding = 4; lastKnownFileType = sourcecode.c.h; name = DCCofeeCell.h; path = Classes/Views/ProgramCells/DCCofeeCell.h; sourceTree = "<group>"; };
		5D6449CF19893BD700BC1775 /* DCCofeeCell.m */ = {isa = PBXFileReference; fileEncoding = 4; lastKnownFileType = sourcecode.c.objc; name = DCCofeeCell.m; path = Classes/Views/ProgramCells/DCCofeeCell.m; sourceTree = "<group>"; };
		5D6449D119893BEF00BC1775 /* DCLunchCell.h */ = {isa = PBXFileReference; fileEncoding = 4; lastKnownFileType = sourcecode.c.h; name = DCLunchCell.h; path = Classes/Views/ProgramCells/DCLunchCell.h; sourceTree = "<group>"; };
		5D6449D219893BEF00BC1775 /* DCLunchCell.m */ = {isa = PBXFileReference; fileEncoding = 4; lastKnownFileType = sourcecode.c.objc; name = DCLunchCell.m; path = Classes/Views/ProgramCells/DCLunchCell.m; sourceTree = "<group>"; };
		5D6449D5198A93E400BC1775 /* DCProgramHeaderCellView.h */ = {isa = PBXFileReference; fileEncoding = 4; lastKnownFileType = sourcecode.c.h; name = DCProgramHeaderCellView.h; path = Classes/Views/ProgramCells/Headers/DCProgramHeaderCellView.h; sourceTree = "<group>"; };
		5D6449D6198A93E400BC1775 /* DCProgramHeaderCellView.m */ = {isa = PBXFileReference; fileEncoding = 4; lastKnownFileType = sourcecode.c.objc; name = DCProgramHeaderCellView.m; path = Classes/Views/ProgramCells/Headers/DCProgramHeaderCellView.m; sourceTree = "<group>"; };
		5D6449DD198ABA4E00BC1775 /* DCAppFacade.h */ = {isa = PBXFileReference; fileEncoding = 4; lastKnownFileType = sourcecode.c.h; name = DCAppFacade.h; path = Classes/AppFacade/DCAppFacade.h; sourceTree = "<group>"; };
		5D6449DE198ABA4E00BC1775 /* DCAppFacade.m */ = {isa = PBXFileReference; fileEncoding = 4; lastKnownFileType = sourcecode.c.objc; name = DCAppFacade.m; path = Classes/AppFacade/DCAppFacade.m; sourceTree = "<group>"; };
		5D6449E1198ABD6900BC1775 /* UIConstants.h */ = {isa = PBXFileReference; lastKnownFileType = sourcecode.c.h; name = UIConstants.h; path = Classes/UIConstants/UIConstants.h; sourceTree = "<group>"; };
		5DC8C411198656DA00BF5816 /* DrupalCon.app */ = {isa = PBXFileReference; explicitFileType = wrapper.application; includeInIndex = 0; path = DrupalCon.app; sourceTree = BUILT_PRODUCTS_DIR; };
		5DC8C414198656DA00BF5816 /* Foundation.framework */ = {isa = PBXFileReference; lastKnownFileType = wrapper.framework; name = Foundation.framework; path = System/Library/Frameworks/Foundation.framework; sourceTree = SDKROOT; };
		5DC8C416198656DA00BF5816 /* CoreGraphics.framework */ = {isa = PBXFileReference; lastKnownFileType = wrapper.framework; name = CoreGraphics.framework; path = System/Library/Frameworks/CoreGraphics.framework; sourceTree = SDKROOT; };
		5DC8C418198656DA00BF5816 /* UIKit.framework */ = {isa = PBXFileReference; lastKnownFileType = wrapper.framework; name = UIKit.framework; path = System/Library/Frameworks/UIKit.framework; sourceTree = SDKROOT; };
		5DC8C41C198656DB00BF5816 /* DrupalCon-Info.plist */ = {isa = PBXFileReference; lastKnownFileType = text.plist.xml; path = "DrupalCon-Info.plist"; sourceTree = "<group>"; };
		5DC8C41E198656DB00BF5816 /* en */ = {isa = PBXFileReference; lastKnownFileType = text.plist.strings; name = en; path = en.lproj/InfoPlist.strings; sourceTree = "<group>"; };
		5DC8C420198656DB00BF5816 /* main.m */ = {isa = PBXFileReference; lastKnownFileType = sourcecode.c.objc; path = main.m; sourceTree = "<group>"; };
		5DC8C422198656DB00BF5816 /* DrupalCon-Prefix.pch */ = {isa = PBXFileReference; lastKnownFileType = sourcecode.c.h; path = "DrupalCon-Prefix.pch"; sourceTree = "<group>"; };
		5DC8C427198656DB00BF5816 /* Base */ = {isa = PBXFileReference; lastKnownFileType = file.storyboard; name = Base; path = Base.lproj/Main.storyboard; sourceTree = "<group>"; };
		5DC8C42C198656DB00BF5816 /* Images.xcassets */ = {isa = PBXFileReference; lastKnownFileType = folder.assetcatalog; path = Images.xcassets; sourceTree = "<group>"; };
		5DC8C432198656DB00BF5816 /* DrupalConTests.xctest */ = {isa = PBXFileReference; explicitFileType = wrapper.cfbundle; includeInIndex = 0; path = DrupalConTests.xctest; sourceTree = BUILT_PRODUCTS_DIR; };
		5DC8C433198656DB00BF5816 /* XCTest.framework */ = {isa = PBXFileReference; lastKnownFileType = wrapper.framework; name = XCTest.framework; path = Library/Frameworks/XCTest.framework; sourceTree = DEVELOPER_DIR; };
		5DC8C43B198656DB00BF5816 /* DrupalConTests-Info.plist */ = {isa = PBXFileReference; lastKnownFileType = text.plist.xml; path = "DrupalConTests-Info.plist"; sourceTree = "<group>"; };
		5DC8C43D198656DB00BF5816 /* en */ = {isa = PBXFileReference; lastKnownFileType = text.plist.strings; name = en; path = en.lproj/InfoPlist.strings; sourceTree = "<group>"; };
		5DC8C43F198656DB00BF5816 /* DrupalConTests.m */ = {isa = PBXFileReference; lastKnownFileType = sourcecode.c.objc; path = DrupalConTests.m; sourceTree = "<group>"; };
		5DC8C454198658BF00BF5816 /* AppDelegate.h */ = {isa = PBXFileReference; fileEncoding = 4; lastKnownFileType = sourcecode.c.h; path = AppDelegate.h; sourceTree = "<group>"; };
		5DC8C455198658BF00BF5816 /* AppDelegate.m */ = {isa = PBXFileReference; fileEncoding = 4; lastKnownFileType = sourcecode.c.objc; path = AppDelegate.m; sourceTree = "<group>"; };
		5DC8C462198658FF00BF5816 /* DCLoginViewController.h */ = {isa = PBXFileReference; fileEncoding = 4; lastKnownFileType = sourcecode.c.h; path = DCLoginViewController.h; sourceTree = "<group>"; };
		5DC8C463198658FF00BF5816 /* DCLoginViewController.m */ = {isa = PBXFileReference; fileEncoding = 4; lastKnownFileType = sourcecode.c.objc; path = DCLoginViewController.m; sourceTree = "<group>"; };
		5DC8C465198658FF00BF5816 /* MFSideMenu.h */ = {isa = PBXFileReference; fileEncoding = 4; lastKnownFileType = sourcecode.c.h; path = MFSideMenu.h; sourceTree = "<group>"; };
		5DC8C466198658FF00BF5816 /* MFSideMenuContainerViewController.h */ = {isa = PBXFileReference; fileEncoding = 4; lastKnownFileType = sourcecode.c.h; path = MFSideMenuContainerViewController.h; sourceTree = "<group>"; };
		5DC8C467198658FF00BF5816 /* MFSideMenuContainerViewController.m */ = {isa = PBXFileReference; fileEncoding = 4; lastKnownFileType = sourcecode.c.objc; path = MFSideMenuContainerViewController.m; sourceTree = "<group>"; };
		5DC8C468198658FF00BF5816 /* MFSideMenuShadow.h */ = {isa = PBXFileReference; fileEncoding = 4; lastKnownFileType = sourcecode.c.h; path = MFSideMenuShadow.h; sourceTree = "<group>"; };
		5DC8C469198658FF00BF5816 /* MFSideMenuShadow.m */ = {isa = PBXFileReference; fileEncoding = 4; lastKnownFileType = sourcecode.c.objc; path = MFSideMenuShadow.m; sourceTree = "<group>"; };
		5DC8C46A198658FF00BF5816 /* UIViewController+MFSideMenuAdditions.h */ = {isa = PBXFileReference; fileEncoding = 4; lastKnownFileType = sourcecode.c.h; path = "UIViewController+MFSideMenuAdditions.h"; sourceTree = "<group>"; };
		5DC8C46B198658FF00BF5816 /* UIViewController+MFSideMenuAdditions.m */ = {isa = PBXFileReference; fileEncoding = 4; lastKnownFileType = sourcecode.c.objc; path = "UIViewController+MFSideMenuAdditions.m"; sourceTree = "<group>"; };
		5DC8C4711986594400BF5816 /* DCBaseViewController.h */ = {isa = PBXFileReference; fileEncoding = 4; lastKnownFileType = sourcecode.c.h; path = DCBaseViewController.h; sourceTree = "<group>"; };
		5DC8C4721986594400BF5816 /* DCBaseViewController.m */ = {isa = PBXFileReference; fileEncoding = 4; lastKnownFileType = sourcecode.c.objc; path = DCBaseViewController.m; sourceTree = "<group>"; };
		5DC8C47819865C8400BF5816 /* DCSideMenuViewController.h */ = {isa = PBXFileReference; fileEncoding = 4; lastKnownFileType = sourcecode.c.h; path = DCSideMenuViewController.h; sourceTree = "<group>"; };
		5DC8C47919865C8400BF5816 /* DCSideMenuViewController.m */ = {isa = PBXFileReference; fileEncoding = 4; lastKnownFileType = sourcecode.c.objc; path = DCSideMenuViewController.m; sourceTree = "<group>"; };
		74086C6419C1E9F60018C825 /* style.css */ = {isa = PBXFileReference; fileEncoding = 4; lastKnownFileType = text.css; path = style.css; sourceTree = "<group>"; };
		74356D5119BEE1D90055F13D /* SystemConfiguration.framework */ = {isa = PBXFileReference; lastKnownFileType = wrapper.framework; name = SystemConfiguration.framework; path = System/Library/Frameworks/SystemConfiguration.framework; sourceTree = SDKROOT; };
		74356D5619BEE4860055F13D /* Reachability.h */ = {isa = PBXFileReference; fileEncoding = 4; lastKnownFileType = sourcecode.c.h; name = Reachability.h; path = Classes/Helpers/Reachability.h; sourceTree = "<group>"; };
		74356D5719BEE4860055F13D /* Reachability.m */ = {isa = PBXFileReference; fileEncoding = 4; lastKnownFileType = sourcecode.c.objc; name = Reachability.m; path = Classes/Helpers/Reachability.m; sourceTree = "<group>"; };
		74356D5919BF3B290055F13D /* UIWebView+DC.h */ = {isa = PBXFileReference; fileEncoding = 4; lastKnownFileType = sourcecode.c.h; name = "UIWebView+DC.h"; path = "Classes/Helpers/UIWebView+DC.h"; sourceTree = "<group>"; };
		74356D5A19BF3B290055F13D /* UIWebView+DC.m */ = {isa = PBXFileReference; fileEncoding = 4; lastKnownFileType = sourcecode.c.objc; name = "UIWebView+DC.m"; path = "Classes/Helpers/UIWebView+DC.m"; sourceTree = "<group>"; };
		74A43C6B19BDDE9200F7BFA0 /* NSDictionary+DC.h */ = {isa = PBXFileReference; fileEncoding = 4; lastKnownFileType = sourcecode.c.h; name = "NSDictionary+DC.h"; path = "Classes/Helpers/NSDictionary+DC.h"; sourceTree = "<group>"; };
		74A43C6C19BDDE9200F7BFA0 /* NSDictionary+DC.m */ = {isa = PBXFileReference; fileEncoding = 4; lastKnownFileType = sourcecode.c.objc; name = "NSDictionary+DC.m"; path = "Classes/Helpers/NSDictionary+DC.m"; sourceTree = "<group>"; };
		74A470E719B5EA3C00B01BC5 /* MapKit.framework */ = {isa = PBXFileReference; lastKnownFileType = wrapper.framework; name = MapKit.framework; path = System/Library/Frameworks/MapKit.framework; sourceTree = SDKROOT; };
		74A6278619B8A37200B46B75 /* DCFavoritesViewController.h */ = {isa = PBXFileReference; fileEncoding = 4; lastKnownFileType = sourcecode.c.h; name = DCFavoritesViewController.h; path = Favorites/DCFavoritesViewController.h; sourceTree = "<group>"; };
		74A6278719B8A37200B46B75 /* DCFavoritesViewController.m */ = {isa = PBXFileReference; fileEncoding = 4; lastKnownFileType = sourcecode.c.objc; name = DCFavoritesViewController.m; path = Favorites/DCFavoritesViewController.m; sourceTree = "<group>"; };
		74E67C7019B6FDF400DF9D71 /* DCLocationViewController.h */ = {isa = PBXFileReference; fileEncoding = 4; lastKnownFileType = sourcecode.c.h; name = DCLocationViewController.h; path = Location/DCLocationViewController.h; sourceTree = "<group>"; };
		74E67C7119B6FDF400DF9D71 /* DCLocationViewController.m */ = {isa = PBXFileReference; fileEncoding = 4; lastKnownFileType = sourcecode.c.objc; name = DCLocationViewController.m; path = Location/DCLocationViewController.m; sourceTree = "<group>"; };
		74E67C7319B6FE9800DF9D71 /* DCPin.h */ = {isa = PBXFileReference; fileEncoding = 4; lastKnownFileType = sourcecode.c.h; name = DCPin.h; path = Location/DCPin.h; sourceTree = "<group>"; };
		74E67C7419B6FE9800DF9D71 /* DCPin.m */ = {isa = PBXFileReference; fileEncoding = 4; lastKnownFileType = sourcecode.c.objc; name = DCPin.m; path = Location/DCPin.m; sourceTree = "<group>"; };
		74E67C7619B6FEF500DF9D71 /* CoreLocation.framework */ = {isa = PBXFileReference; lastKnownFileType = wrapper.framework; name = CoreLocation.framework; path = System/Library/Frameworks/CoreLocation.framework; sourceTree = SDKROOT; };
		74E67C7E19B7133C00DF9D71 /* DCLocation+DC.h */ = {isa = PBXFileReference; fileEncoding = 4; lastKnownFileType = sourcecode.c.h; name = "DCLocation+DC.h"; path = "Model/Categories/DCLocation+DC.h"; sourceTree = "<group>"; };
		74E67C7F19B7133C00DF9D71 /* DCLocation+DC.m */ = {isa = PBXFileReference; fileEncoding = 4; lastKnownFileType = sourcecode.c.objc; name = "DCLocation+DC.m"; path = "Model/Categories/DCLocation+DC.m"; sourceTree = "<group>"; };
		74E837ED19C061CD000D2BE4 /* MKAnnotationView+WebCache.h */ = {isa = PBXFileReference; fileEncoding = 4; lastKnownFileType = sourcecode.c.h; name = "MKAnnotationView+WebCache.h"; path = "Classes/SDWebImage/MKAnnotationView+WebCache.h"; sourceTree = "<group>"; };
		74E837EE19C061CD000D2BE4 /* MKAnnotationView+WebCache.m */ = {isa = PBXFileReference; fileEncoding = 4; lastKnownFileType = sourcecode.c.objc; name = "MKAnnotationView+WebCache.m"; path = "Classes/SDWebImage/MKAnnotationView+WebCache.m"; sourceTree = "<group>"; };
		74E837EF19C061CD000D2BE4 /* NSData+ImageContentType.h */ = {isa = PBXFileReference; fileEncoding = 4; lastKnownFileType = sourcecode.c.h; name = "NSData+ImageContentType.h"; path = "Classes/SDWebImage/NSData+ImageContentType.h"; sourceTree = "<group>"; };
		74E837F019C061CD000D2BE4 /* NSData+ImageContentType.m */ = {isa = PBXFileReference; fileEncoding = 4; lastKnownFileType = sourcecode.c.objc; name = "NSData+ImageContentType.m"; path = "Classes/SDWebImage/NSData+ImageContentType.m"; sourceTree = "<group>"; };
		74E837F119C061CD000D2BE4 /* SDImageCache.h */ = {isa = PBXFileReference; fileEncoding = 4; lastKnownFileType = sourcecode.c.h; name = SDImageCache.h; path = Classes/SDWebImage/SDImageCache.h; sourceTree = "<group>"; };
		74E837F219C061CD000D2BE4 /* SDImageCache.m */ = {isa = PBXFileReference; fileEncoding = 4; lastKnownFileType = sourcecode.c.objc; name = SDImageCache.m; path = Classes/SDWebImage/SDImageCache.m; sourceTree = "<group>"; };
		74E837F319C061CD000D2BE4 /* SDWebImageCompat.h */ = {isa = PBXFileReference; fileEncoding = 4; lastKnownFileType = sourcecode.c.h; name = SDWebImageCompat.h; path = Classes/SDWebImage/SDWebImageCompat.h; sourceTree = "<group>"; };
		74E837F419C061CD000D2BE4 /* SDWebImageCompat.m */ = {isa = PBXFileReference; fileEncoding = 4; lastKnownFileType = sourcecode.c.objc; name = SDWebImageCompat.m; path = Classes/SDWebImage/SDWebImageCompat.m; sourceTree = "<group>"; };
		74E837F519C061CD000D2BE4 /* SDWebImageDecoder.h */ = {isa = PBXFileReference; fileEncoding = 4; lastKnownFileType = sourcecode.c.h; name = SDWebImageDecoder.h; path = Classes/SDWebImage/SDWebImageDecoder.h; sourceTree = "<group>"; };
		74E837F619C061CD000D2BE4 /* SDWebImageDecoder.m */ = {isa = PBXFileReference; fileEncoding = 4; lastKnownFileType = sourcecode.c.objc; name = SDWebImageDecoder.m; path = Classes/SDWebImage/SDWebImageDecoder.m; sourceTree = "<group>"; };
		74E837F719C061CD000D2BE4 /* SDWebImageDownloader.h */ = {isa = PBXFileReference; fileEncoding = 4; lastKnownFileType = sourcecode.c.h; name = SDWebImageDownloader.h; path = Classes/SDWebImage/SDWebImageDownloader.h; sourceTree = "<group>"; };
		74E837F819C061CD000D2BE4 /* SDWebImageDownloader.m */ = {isa = PBXFileReference; fileEncoding = 4; lastKnownFileType = sourcecode.c.objc; name = SDWebImageDownloader.m; path = Classes/SDWebImage/SDWebImageDownloader.m; sourceTree = "<group>"; };
		74E837F919C061CD000D2BE4 /* SDWebImageDownloaderOperation.h */ = {isa = PBXFileReference; fileEncoding = 4; lastKnownFileType = sourcecode.c.h; name = SDWebImageDownloaderOperation.h; path = Classes/SDWebImage/SDWebImageDownloaderOperation.h; sourceTree = "<group>"; };
		74E837FA19C061CD000D2BE4 /* SDWebImageDownloaderOperation.m */ = {isa = PBXFileReference; fileEncoding = 4; lastKnownFileType = sourcecode.c.objc; name = SDWebImageDownloaderOperation.m; path = Classes/SDWebImage/SDWebImageDownloaderOperation.m; sourceTree = "<group>"; };
		74E837FB19C061CD000D2BE4 /* SDWebImageManager.h */ = {isa = PBXFileReference; fileEncoding = 4; lastKnownFileType = sourcecode.c.h; name = SDWebImageManager.h; path = Classes/SDWebImage/SDWebImageManager.h; sourceTree = "<group>"; };
		74E837FC19C061CD000D2BE4 /* SDWebImageManager.m */ = {isa = PBXFileReference; fileEncoding = 4; lastKnownFileType = sourcecode.c.objc; name = SDWebImageManager.m; path = Classes/SDWebImage/SDWebImageManager.m; sourceTree = "<group>"; };
		74E837FD19C061CD000D2BE4 /* SDWebImageOperation.h */ = {isa = PBXFileReference; fileEncoding = 4; lastKnownFileType = sourcecode.c.h; name = SDWebImageOperation.h; path = Classes/SDWebImage/SDWebImageOperation.h; sourceTree = "<group>"; };
		74E837FE19C061CD000D2BE4 /* SDWebImagePrefetcher.h */ = {isa = PBXFileReference; fileEncoding = 4; lastKnownFileType = sourcecode.c.h; name = SDWebImagePrefetcher.h; path = Classes/SDWebImage/SDWebImagePrefetcher.h; sourceTree = "<group>"; };
		74E837FF19C061CD000D2BE4 /* SDWebImagePrefetcher.m */ = {isa = PBXFileReference; fileEncoding = 4; lastKnownFileType = sourcecode.c.objc; name = SDWebImagePrefetcher.m; path = Classes/SDWebImage/SDWebImagePrefetcher.m; sourceTree = "<group>"; };
		74E8380019C061CD000D2BE4 /* UIButton+WebCache.h */ = {isa = PBXFileReference; fileEncoding = 4; lastKnownFileType = sourcecode.c.h; name = "UIButton+WebCache.h"; path = "Classes/SDWebImage/UIButton+WebCache.h"; sourceTree = "<group>"; };
		74E8380119C061CD000D2BE4 /* UIButton+WebCache.m */ = {isa = PBXFileReference; fileEncoding = 4; lastKnownFileType = sourcecode.c.objc; name = "UIButton+WebCache.m"; path = "Classes/SDWebImage/UIButton+WebCache.m"; sourceTree = "<group>"; };
		74E8380219C061CD000D2BE4 /* UIImage+GIF.h */ = {isa = PBXFileReference; fileEncoding = 4; lastKnownFileType = sourcecode.c.h; name = "UIImage+GIF.h"; path = "Classes/SDWebImage/UIImage+GIF.h"; sourceTree = "<group>"; };
		74E8380319C061CD000D2BE4 /* UIImage+GIF.m */ = {isa = PBXFileReference; fileEncoding = 4; lastKnownFileType = sourcecode.c.objc; name = "UIImage+GIF.m"; path = "Classes/SDWebImage/UIImage+GIF.m"; sourceTree = "<group>"; };
		74E8380419C061CD000D2BE4 /* UIImage+MultiFormat.h */ = {isa = PBXFileReference; fileEncoding = 4; lastKnownFileType = sourcecode.c.h; name = "UIImage+MultiFormat.h"; path = "Classes/SDWebImage/UIImage+MultiFormat.h"; sourceTree = "<group>"; };
		74E8380519C061CD000D2BE4 /* UIImage+MultiFormat.m */ = {isa = PBXFileReference; fileEncoding = 4; lastKnownFileType = sourcecode.c.objc; name = "UIImage+MultiFormat.m"; path = "Classes/SDWebImage/UIImage+MultiFormat.m"; sourceTree = "<group>"; };
		74E8380619C061CD000D2BE4 /* UIImage+WebP.h */ = {isa = PBXFileReference; fileEncoding = 4; lastKnownFileType = sourcecode.c.h; name = "UIImage+WebP.h"; path = "Classes/SDWebImage/UIImage+WebP.h"; sourceTree = "<group>"; };
		74E8380719C061CD000D2BE4 /* UIImage+WebP.m */ = {isa = PBXFileReference; fileEncoding = 4; lastKnownFileType = sourcecode.c.objc; name = "UIImage+WebP.m"; path = "Classes/SDWebImage/UIImage+WebP.m"; sourceTree = "<group>"; };
		74E8380819C061CD000D2BE4 /* UIImageView+HighlightedWebCache.h */ = {isa = PBXFileReference; fileEncoding = 4; lastKnownFileType = sourcecode.c.h; name = "UIImageView+HighlightedWebCache.h"; path = "Classes/SDWebImage/UIImageView+HighlightedWebCache.h"; sourceTree = "<group>"; };
		74E8380919C061CD000D2BE4 /* UIImageView+HighlightedWebCache.m */ = {isa = PBXFileReference; fileEncoding = 4; lastKnownFileType = sourcecode.c.objc; name = "UIImageView+HighlightedWebCache.m"; path = "Classes/SDWebImage/UIImageView+HighlightedWebCache.m"; sourceTree = "<group>"; };
		74E8380A19C061CD000D2BE4 /* UIImageView+WebCache.h */ = {isa = PBXFileReference; fileEncoding = 4; lastKnownFileType = sourcecode.c.h; name = "UIImageView+WebCache.h"; path = "Classes/SDWebImage/UIImageView+WebCache.h"; sourceTree = "<group>"; };
		74E8380B19C061CD000D2BE4 /* UIImageView+WebCache.m */ = {isa = PBXFileReference; fileEncoding = 4; lastKnownFileType = sourcecode.c.objc; name = "UIImageView+WebCache.m"; path = "Classes/SDWebImage/UIImageView+WebCache.m"; sourceTree = "<group>"; };
		74E8380C19C061CD000D2BE4 /* UIView+WebCacheOperation.h */ = {isa = PBXFileReference; fileEncoding = 4; lastKnownFileType = sourcecode.c.h; name = "UIView+WebCacheOperation.h"; path = "Classes/SDWebImage/UIView+WebCacheOperation.h"; sourceTree = "<group>"; };
		74E8380D19C061CD000D2BE4 /* UIView+WebCacheOperation.m */ = {isa = PBXFileReference; fileEncoding = 4; lastKnownFileType = sourcecode.c.objc; name = "UIView+WebCacheOperation.m"; path = "Classes/SDWebImage/UIView+WebCacheOperation.m"; sourceTree = "<group>"; };
		74E8381E19C09371000D2BE4 /* NSString+HTML.h */ = {isa = PBXFileReference; fileEncoding = 4; lastKnownFileType = sourcecode.c.h; name = "NSString+HTML.h"; path = "Classes/Helpers/NSString+HTML.h"; sourceTree = "<group>"; };
		74E8381F19C09371000D2BE4 /* NSString+HTML.m */ = {isa = PBXFileReference; fileEncoding = 4; lastKnownFileType = sourcecode.c.objc; name = "NSString+HTML.m"; path = "Classes/Helpers/NSString+HTML.m"; sourceTree = "<group>"; };
		74F0340319B4A965007E4AB9 /* DCAboutViewController.h */ = {isa = PBXFileReference; fileEncoding = 4; lastKnownFileType = sourcecode.c.h; path = DCAboutViewController.h; sourceTree = "<group>"; };
		74F0340419B4A965007E4AB9 /* DCAboutViewController.m */ = {isa = PBXFileReference; fileEncoding = 4; lastKnownFileType = sourcecode.c.objc; path = DCAboutViewController.m; sourceTree = "<group>"; };
		74F159C919B9DD750033B31F /* DCFavoriteSourceManager.h */ = {isa = PBXFileReference; fileEncoding = 4; lastKnownFileType = sourcecode.c.h; name = DCFavoriteSourceManager.h; path = Favorites/DCFavoriteSourceManager.h; sourceTree = "<group>"; };
		74F159CA19B9DD750033B31F /* DCFavoriteSourceManager.m */ = {isa = PBXFileReference; fileEncoding = 4; lastKnownFileType = sourcecode.c.objc; name = DCFavoriteSourceManager.m; path = Favorites/DCFavoriteSourceManager.m; sourceTree = "<group>"; };
		840C455319BF419700CC144B /* DCBof+DC.h */ = {isa = PBXFileReference; fileEncoding = 4; lastKnownFileType = sourcecode.c.h; name = "DCBof+DC.h"; path = "Model/Categories/DCBof+DC.h"; sourceTree = "<group>"; };
		840C455419BF419700CC144B /* DCBof+DC.m */ = {isa = PBXFileReference; fileEncoding = 4; lastKnownFileType = sourcecode.c.objc; name = "DCBof+DC.m"; path = "Model/Categories/DCBof+DC.m"; sourceTree = "<group>"; };
		849CF80219A5EFEC00C84675 /* DCMainProxy.h */ = {isa = PBXFileReference; fileEncoding = 4; lastKnownFileType = sourcecode.c.h; name = DCMainProxy.h; path = Model/DCMainProxy.h; sourceTree = "<group>"; };
		849CF80319A5EFEC00C84675 /* DCMainProxy.m */ = {isa = PBXFileReference; fileEncoding = 4; lastKnownFileType = sourcecode.c.objc; name = DCMainProxy.m; path = Model/DCMainProxy.m; sourceTree = "<group>"; };
		849CF81F19A6246A00C84675 /* NSDate+DC.h */ = {isa = PBXFileReference; fileEncoding = 4; lastKnownFileType = sourcecode.c.h; name = "NSDate+DC.h"; path = "Classes/Helpers/NSDate+DC.h"; sourceTree = "<group>"; };
		849CF82019A6246A00C84675 /* NSDate+DC.m */ = {isa = PBXFileReference; fileEncoding = 4; lastKnownFileType = sourcecode.c.objc; name = "NSDate+DC.m"; path = "Classes/Helpers/NSDate+DC.m"; sourceTree = "<group>"; };
		849CF82219A62F8600C84675 /* DCMainProxy+Additions.h */ = {isa = PBXFileReference; fileEncoding = 4; lastKnownFileType = sourcecode.c.h; name = "DCMainProxy+Additions.h"; path = "Model/DCMainProxy+Additions.h"; sourceTree = "<group>"; };
		849CF82319A62F8600C84675 /* DCMainProxy+Additions.m */ = {isa = PBXFileReference; fileEncoding = 4; lastKnownFileType = sourcecode.c.objc; name = "DCMainProxy+Additions.m"; path = "Model/DCMainProxy+Additions.m"; sourceTree = "<group>"; };
		849D92C019ADCCDD00977D67 /* DCNavViewController.h */ = {isa = PBXFileReference; fileEncoding = 4; lastKnownFileType = sourcecode.c.h; path = DCNavViewController.h; sourceTree = "<group>"; };
		849D92C119ADCCDD00977D67 /* DCNavViewController.m */ = {isa = PBXFileReference; fileEncoding = 4; lastKnownFileType = sourcecode.c.objc; path = DCNavViewController.m; sourceTree = "<group>"; };
		849D92C319ADEA8700977D67 /* DCSpeaker+DC.h */ = {isa = PBXFileReference; fileEncoding = 4; lastKnownFileType = sourcecode.c.h; name = "DCSpeaker+DC.h"; path = "Model/Categories/DCSpeaker+DC.h"; sourceTree = "<group>"; };
		849D92C419ADEA8700977D67 /* DCSpeaker+DC.m */ = {isa = PBXFileReference; fileEncoding = 4; lastKnownFileType = sourcecode.c.objc; name = "DCSpeaker+DC.m"; path = "Model/Categories/DCSpeaker+DC.m"; sourceTree = "<group>"; };
		849D92C619ADF31D00977D67 /* UIImageView+DC.h */ = {isa = PBXFileReference; fileEncoding = 4; lastKnownFileType = sourcecode.c.h; name = "UIImageView+DC.h"; path = "Classes/Helpers/UIImageView+DC.h"; sourceTree = "<group>"; };
		849D92C719ADF31D00977D67 /* UIImageView+DC.m */ = {isa = PBXFileReference; fileEncoding = 4; lastKnownFileType = sourcecode.c.objc; name = "UIImageView+DC.m"; path = "Classes/Helpers/UIImageView+DC.m"; sourceTree = "<group>"; };
		849D92C919ADF98600977D67 /* DCSpeakerHeaderCell.h */ = {isa = PBXFileReference; fileEncoding = 4; lastKnownFileType = sourcecode.c.h; name = DCSpeakerHeaderCell.h; path = Classes/Views/SpeakerCells/DCSpeakerHeaderCell.h; sourceTree = "<group>"; };
		849D92CA19ADF98600977D67 /* DCSpeakerHeaderCell.m */ = {isa = PBXFileReference; fileEncoding = 4; lastKnownFileType = sourcecode.c.objc; name = DCSpeakerHeaderCell.m; path = Classes/Views/SpeakerCells/DCSpeakerHeaderCell.m; sourceTree = "<group>"; };
		849D92CF19AE07D200977D67 /* DCSpeakersDetailViewController.h */ = {isa = PBXFileReference; fileEncoding = 4; lastKnownFileType = sourcecode.c.h; path = DCSpeakersDetailViewController.h; sourceTree = "<group>"; };
		849D92D019AE07D200977D67 /* DCSpeakersDetailViewController.m */ = {isa = PBXFileReference; fileEncoding = 4; lastKnownFileType = sourcecode.c.objc; path = DCSpeakersDetailViewController.m; sourceTree = "<group>"; };
		849D92D619AE295200977D67 /* DCEventDetailTitleCell.h */ = {isa = PBXFileReference; fileEncoding = 4; lastKnownFileType = sourcecode.c.h; name = DCEventDetailTitleCell.h; path = Classes/Views/ProgramDetailCells/DCEventDetailTitleCell.h; sourceTree = "<group>"; };
		849D92D719AE295200977D67 /* DCEventDetailTitleCell.m */ = {isa = PBXFileReference; fileEncoding = 4; lastKnownFileType = sourcecode.c.objc; name = DCEventDetailTitleCell.m; path = Classes/Views/ProgramDetailCells/DCEventDetailTitleCell.m; sourceTree = "<group>"; };
		849D92DC19AE29B000977D67 /* DCEventDetailHeader2Cell.h */ = {isa = PBXFileReference; fileEncoding = 4; lastKnownFileType = sourcecode.c.h; name = DCEventDetailHeader2Cell.h; path = Classes/Views/ProgramDetailCells/DCEventDetailHeader2Cell.h; sourceTree = "<group>"; };
		849D92DD19AE29B000977D67 /* DCEventDetailHeader2Cell.m */ = {isa = PBXFileReference; fileEncoding = 4; lastKnownFileType = sourcecode.c.objc; name = DCEventDetailHeader2Cell.m; path = Classes/Views/ProgramDetailCells/DCEventDetailHeader2Cell.m; sourceTree = "<group>"; };
		849D92DF19AE29D100977D67 /* DCEventDetailEmptyCell.h */ = {isa = PBXFileReference; fileEncoding = 4; lastKnownFileType = sourcecode.c.h; name = DCEventDetailEmptyCell.h; path = Classes/Views/ProgramDetailCells/DCEventDetailEmptyCell.h; sourceTree = "<group>"; };
		849D92E019AE29D100977D67 /* DCEventDetailEmptyCell.m */ = {isa = PBXFileReference; fileEncoding = 4; lastKnownFileType = sourcecode.c.objc; name = DCEventDetailEmptyCell.m; path = Classes/Views/ProgramDetailCells/DCEventDetailEmptyCell.m; sourceTree = "<group>"; };
		849D92E219AE2A6600977D67 /* DCDescriptionTextCell.h */ = {isa = PBXFileReference; fileEncoding = 4; lastKnownFileType = sourcecode.c.h; name = DCDescriptionTextCell.h; path = Classes/Views/ProgramDetailCells/DCDescriptionTextCell.h; sourceTree = "<group>"; };
		849D92E319AE2A6600977D67 /* DCDescriptionTextCell.m */ = {isa = PBXFileReference; fileEncoding = 4; lastKnownFileType = sourcecode.c.objc; name = DCDescriptionTextCell.m; path = Classes/Views/ProgramDetailCells/DCDescriptionTextCell.m; sourceTree = "<group>"; };
		849E84FD19AF385D006F43B3 /* DCSpeakerEventCell.h */ = {isa = PBXFileReference; fileEncoding = 4; lastKnownFileType = sourcecode.c.h; name = DCSpeakerEventCell.h; path = Classes/Views/SpeakerCells/DCSpeakerEventCell.h; sourceTree = "<group>"; };
		849E84FE19AF385D006F43B3 /* DCSpeakerEventCell.m */ = {isa = PBXFileReference; fileEncoding = 4; lastKnownFileType = sourcecode.c.objc; name = DCSpeakerEventCell.m; path = Classes/Views/SpeakerCells/DCSpeakerEventCell.m; sourceTree = "<group>"; };
		849E851B19AF677A006F43B3 /* DCLevel+DC.h */ = {isa = PBXFileReference; fileEncoding = 4; lastKnownFileType = sourcecode.c.h; name = "DCLevel+DC.h"; path = "Model/Categories/DCLevel+DC.h"; sourceTree = "<group>"; };
		849E851C19AF677A006F43B3 /* DCLevel+DC.m */ = {isa = PBXFileReference; fileEncoding = 4; lastKnownFileType = sourcecode.c.objc; name = "DCLevel+DC.m"; path = "Model/Categories/DCLevel+DC.m"; sourceTree = "<group>"; };
		849E851E19AF679F006F43B3 /* DCTrack+DC.h */ = {isa = PBXFileReference; fileEncoding = 4; lastKnownFileType = sourcecode.c.h; name = "DCTrack+DC.h"; path = "Model/Categories/DCTrack+DC.h"; sourceTree = "<group>"; };
		849E851F19AF679F006F43B3 /* DCTrack+DC.m */ = {isa = PBXFileReference; fileEncoding = 4; lastKnownFileType = sourcecode.c.objc; name = "DCTrack+DC.m"; path = "Model/Categories/DCTrack+DC.m"; sourceTree = "<group>"; };
		849EFDA219A49FB600C43E05 /* main.xcdatamodel */ = {isa = PBXFileReference; lastKnownFileType = wrapper.xcdatamodel; path = main.xcdatamodel; sourceTree = "<group>"; };
		849EFDDA19A4ACB800C43E05 /* CoreData.framework */ = {isa = PBXFileReference; lastKnownFileType = wrapper.framework; name = CoreData.framework; path = System/Library/Frameworks/CoreData.framework; sourceTree = SDKROOT; };
		849EFE1019A4D63500C43E05 /* DCDataProvider.h */ = {isa = PBXFileReference; fileEncoding = 4; lastKnownFileType = sourcecode.c.h; name = DCDataProvider.h; path = Classes/Helpers/DCDataProvider.h; sourceTree = "<group>"; };
		849EFE1119A4D63500C43E05 /* DCDataProvider.m */ = {isa = PBXFileReference; fileEncoding = 4; lastKnownFileType = sourcecode.c.objc; name = DCDataProvider.m; path = Classes/Helpers/DCDataProvider.m; sourceTree = "<group>"; };
		849EFE1C19A4EB2100C43E05 /* DCEvent+DC.h */ = {isa = PBXFileReference; fileEncoding = 4; lastKnownFileType = sourcecode.c.h; name = "DCEvent+DC.h"; path = "Model/Categories/DCEvent+DC.h"; sourceTree = "<group>"; };
		849EFE1D19A4EB2100C43E05 /* DCEvent+DC.m */ = {isa = PBXFileReference; fileEncoding = 4; lastKnownFileType = sourcecode.c.objc; name = "DCEvent+DC.m"; path = "Model/Categories/DCEvent+DC.m"; sourceTree = "<group>"; };
		849EFE1F19A4FB9600C43E05 /* DCProgram+DC.h */ = {isa = PBXFileReference; fileEncoding = 4; lastKnownFileType = sourcecode.c.h; name = "DCProgram+DC.h"; path = "Model/Categories/DCProgram+DC.h"; sourceTree = "<group>"; };
		849EFE2019A4FB9600C43E05 /* DCProgram+DC.m */ = {isa = PBXFileReference; fileEncoding = 4; lastKnownFileType = sourcecode.c.objc; name = "DCProgram+DC.m"; path = "Model/Categories/DCProgram+DC.m"; sourceTree = "<group>"; };
		849EFE3F19A5067000C43E05 /* DCType+DC.h */ = {isa = PBXFileReference; fileEncoding = 4; lastKnownFileType = sourcecode.c.h; name = "DCType+DC.h"; path = "Model/Categories/DCType+DC.h"; sourceTree = "<group>"; };
		849EFE4019A5067000C43E05 /* DCType+DC.m */ = {isa = PBXFileReference; fileEncoding = 4; lastKnownFileType = sourcecode.c.objc; name = "DCType+DC.m"; path = "Model/Categories/DCType+DC.m"; sourceTree = "<group>"; };
		84A06E2919ACA2F700104876 /* DCSpeakerCell.h */ = {isa = PBXFileReference; fileEncoding = 4; lastKnownFileType = sourcecode.c.h; name = DCSpeakerCell.h; path = Classes/Views/SpeakerCells/DCSpeakerCell.h; sourceTree = "<group>"; };
		84A06E2A19ACA2F700104876 /* DCSpeakerCell.m */ = {isa = PBXFileReference; fileEncoding = 4; lastKnownFileType = sourcecode.c.objc; name = DCSpeakerCell.m; path = Classes/Views/SpeakerCells/DCSpeakerCell.m; sourceTree = "<group>"; };
		84A06E2D19ACA41100104876 /* DCFavoriteButton.h */ = {isa = PBXFileReference; fileEncoding = 4; lastKnownFileType = sourcecode.c.h; name = DCFavoriteButton.h; path = Classes/Views/controls/DCFavoriteButton.h; sourceTree = "<group>"; };
		84A06E2E19ACA41100104876 /* DCFavoriteButton.m */ = {isa = PBXFileReference; fileEncoding = 4; lastKnownFileType = sourcecode.c.objc; name = DCFavoriteButton.m; path = Classes/Views/controls/DCFavoriteButton.m; sourceTree = "<group>"; };
		84A06E3119ACBA0600104876 /* DCEventDetailViewController.h */ = {isa = PBXFileReference; fileEncoding = 4; lastKnownFileType = sourcecode.c.h; name = DCEventDetailViewController.h; path = EventDetail/DCEventDetailViewController.h; sourceTree = "<group>"; };
		84A06E3219ACBA0600104876 /* DCEventDetailViewController.m */ = {isa = PBXFileReference; fileEncoding = 4; lastKnownFileType = sourcecode.c.objc; name = DCEventDetailViewController.m; path = EventDetail/DCEventDetailViewController.m; sourceTree = "<group>"; };
		84A24FB319C1B254006EF17E /* DCSpeechBaseCell.h */ = {isa = PBXFileReference; fileEncoding = 4; lastKnownFileType = sourcecode.c.h; name = DCSpeechBaseCell.h; path = Classes/Views/ProgramCells/DCSpeechBaseCell.h; sourceTree = "<group>"; };
		84A24FB419C1B254006EF17E /* DCSpeechBaseCell.m */ = {isa = PBXFileReference; fileEncoding = 4; lastKnownFileType = sourcecode.c.objc; name = DCSpeechBaseCell.m; path = Classes/Views/ProgramCells/DCSpeechBaseCell.m; sourceTree = "<group>"; };
		84A24FB619C1F607006EF17E /* DCBof.h */ = {isa = PBXFileReference; fileEncoding = 4; lastKnownFileType = sourcecode.c.h; name = DCBof.h; path = Model/DCBof.h; sourceTree = "<group>"; };
		84A24FB719C1F607006EF17E /* DCBof.m */ = {isa = PBXFileReference; fileEncoding = 4; lastKnownFileType = sourcecode.c.objc; name = DCBof.m; path = Model/DCBof.m; sourceTree = "<group>"; };
		84A24FB919C1F608006EF17E /* DCLocation.h */ = {isa = PBXFileReference; fileEncoding = 4; lastKnownFileType = sourcecode.c.h; name = DCLocation.h; path = Model/DCLocation.h; sourceTree = "<group>"; };
		84A24FBA19C1F608006EF17E /* DCLocation.m */ = {isa = PBXFileReference; fileEncoding = 4; lastKnownFileType = sourcecode.c.objc; name = DCLocation.m; path = Model/DCLocation.m; sourceTree = "<group>"; };
		84A24FBC19C1F608006EF17E /* DCLevel.h */ = {isa = PBXFileReference; fileEncoding = 4; lastKnownFileType = sourcecode.c.h; name = DCLevel.h; path = Model/DCLevel.h; sourceTree = "<group>"; };
		84A24FBD19C1F608006EF17E /* DCLevel.m */ = {isa = PBXFileReference; fileEncoding = 4; lastKnownFileType = sourcecode.c.objc; name = DCLevel.m; path = Model/DCLevel.m; sourceTree = "<group>"; };
		84A24FBF19C1F608006EF17E /* DCFavoriteEvent.h */ = {isa = PBXFileReference; fileEncoding = 4; lastKnownFileType = sourcecode.c.h; name = DCFavoriteEvent.h; path = Model/DCFavoriteEvent.h; sourceTree = "<group>"; };
		84A24FC019C1F608006EF17E /* DCFavoriteEvent.m */ = {isa = PBXFileReference; fileEncoding = 4; lastKnownFileType = sourcecode.c.objc; name = DCFavoriteEvent.m; path = Model/DCFavoriteEvent.m; sourceTree = "<group>"; };
		84A24FC219C1F608006EF17E /* DCProgram.h */ = {isa = PBXFileReference; fileEncoding = 4; lastKnownFileType = sourcecode.c.h; name = DCProgram.h; path = Model/DCProgram.h; sourceTree = "<group>"; };
		84A24FC319C1F608006EF17E /* DCProgram.m */ = {isa = PBXFileReference; fileEncoding = 4; lastKnownFileType = sourcecode.c.objc; name = DCProgram.m; path = Model/DCProgram.m; sourceTree = "<group>"; };
		84A24FC519C1F608006EF17E /* DCTime.h */ = {isa = PBXFileReference; fileEncoding = 4; lastKnownFileType = sourcecode.c.h; name = DCTime.h; path = Model/DCTime.h; sourceTree = "<group>"; };
		84A24FC619C1F608006EF17E /* DCTime.m */ = {isa = PBXFileReference; fileEncoding = 4; lastKnownFileType = sourcecode.c.objc; name = DCTime.m; path = Model/DCTime.m; sourceTree = "<group>"; };
		84A24FC819C1F609006EF17E /* DCTrack.h */ = {isa = PBXFileReference; fileEncoding = 4; lastKnownFileType = sourcecode.c.h; name = DCTrack.h; path = Model/DCTrack.h; sourceTree = "<group>"; };
		84A24FC919C1F609006EF17E /* DCTrack.m */ = {isa = PBXFileReference; fileEncoding = 4; lastKnownFileType = sourcecode.c.objc; name = DCTrack.m; path = Model/DCTrack.m; sourceTree = "<group>"; };
		84A24FCB19C1F609006EF17E /* DCEvent.h */ = {isa = PBXFileReference; fileEncoding = 4; lastKnownFileType = sourcecode.c.h; name = DCEvent.h; path = Model/DCEvent.h; sourceTree = "<group>"; };
		84A24FCC19C1F609006EF17E /* DCEvent.m */ = {isa = PBXFileReference; fileEncoding = 4; lastKnownFileType = sourcecode.c.objc; name = DCEvent.m; path = Model/DCEvent.m; sourceTree = "<group>"; };
		84A24FCE19C1F609006EF17E /* DCSpeaker.h */ = {isa = PBXFileReference; fileEncoding = 4; lastKnownFileType = sourcecode.c.h; name = DCSpeaker.h; path = Model/DCSpeaker.h; sourceTree = "<group>"; };
		84A24FCF19C1F609006EF17E /* DCSpeaker.m */ = {isa = PBXFileReference; fileEncoding = 4; lastKnownFileType = sourcecode.c.objc; name = DCSpeaker.m; path = Model/DCSpeaker.m; sourceTree = "<group>"; };
		84A24FD119C1F609006EF17E /* DCTimeRange.h */ = {isa = PBXFileReference; fileEncoding = 4; lastKnownFileType = sourcecode.c.h; name = DCTimeRange.h; path = Model/DCTimeRange.h; sourceTree = "<group>"; };
		84A24FD219C1F609006EF17E /* DCTimeRange.m */ = {isa = PBXFileReference; fileEncoding = 4; lastKnownFileType = sourcecode.c.objc; name = DCTimeRange.m; path = Model/DCTimeRange.m; sourceTree = "<group>"; };
		84A24FD419C1F609006EF17E /* DCType.h */ = {isa = PBXFileReference; fileEncoding = 4; lastKnownFileType = sourcecode.c.h; name = DCType.h; path = Model/DCType.h; sourceTree = "<group>"; };
		84A24FD519C1F609006EF17E /* DCType.m */ = {isa = PBXFileReference; fileEncoding = 4; lastKnownFileType = sourcecode.c.objc; name = DCType.m; path = Model/DCType.m; sourceTree = "<group>"; };
		84ABE8F319BEEB8F0019D5DC /* DCEventStrategy.h */ = {isa = PBXFileReference; fileEncoding = 4; lastKnownFileType = sourcecode.c.h; path = DCEventStrategy.h; sourceTree = "<group>"; };
		84ABE8F419BEEB8F0019D5DC /* DCEventStrategy.m */ = {isa = PBXFileReference; fileEncoding = 4; lastKnownFileType = sourcecode.c.objc; path = DCEventStrategy.m; sourceTree = "<group>"; };
		84FAE0E619A645E000DC9FF1 /* NSArray+DC.h */ = {isa = PBXFileReference; fileEncoding = 4; lastKnownFileType = sourcecode.c.h; name = "NSArray+DC.h"; path = "Classes/Helpers/NSArray+DC.h"; sourceTree = "<group>"; };
		84FAE0E719A645E000DC9FF1 /* NSArray+DC.m */ = {isa = PBXFileReference; fileEncoding = 4; lastKnownFileType = sourcecode.c.objc; name = "NSArray+DC.m"; path = "Classes/Helpers/NSArray+DC.m"; sourceTree = "<group>"; };
		84FAE10719A65FEA00DC9FF1 /* DCTime+DC.h */ = {isa = PBXFileReference; fileEncoding = 4; lastKnownFileType = sourcecode.c.h; name = "DCTime+DC.h"; path = "Model/Categories/DCTime+DC.h"; sourceTree = "<group>"; };
		84FAE10819A65FEA00DC9FF1 /* DCTime+DC.m */ = {isa = PBXFileReference; fileEncoding = 4; lastKnownFileType = sourcecode.c.objc; name = "DCTime+DC.m"; path = "Model/Categories/DCTime+DC.m"; sourceTree = "<group>"; };
		84FAE10A19A6600900DC9FF1 /* DCTimeRange+DC.h */ = {isa = PBXFileReference; fileEncoding = 4; lastKnownFileType = sourcecode.c.h; name = "DCTimeRange+DC.h"; path = "Model/Categories/DCTimeRange+DC.h"; sourceTree = "<group>"; };
		84FAE10B19A6600900DC9FF1 /* DCTimeRange+DC.m */ = {isa = PBXFileReference; fileEncoding = 4; lastKnownFileType = sourcecode.c.objc; name = "DCTimeRange+DC.m"; path = "Model/Categories/DCTimeRange+DC.m"; sourceTree = "<group>"; };
/* End PBXFileReference section */

/* Begin PBXFrameworksBuildPhase section */
		5DC8C40E198656DA00BF5816 /* Frameworks */ = {
			isa = PBXFrameworksBuildPhase;
			buildActionMask = 2147483647;
			files = (
				74356D5219BEE1D90055F13D /* SystemConfiguration.framework in Frameworks */,
				74E67C7719B6FEF500DF9D71 /* CoreLocation.framework in Frameworks */,
				74A470E819B5EA3C00B01BC5 /* MapKit.framework in Frameworks */,
				849EFDDB19A4ACB800C43E05 /* CoreData.framework in Frameworks */,
				5DC8C417198656DA00BF5816 /* CoreGraphics.framework in Frameworks */,
				5DC8C419198656DA00BF5816 /* UIKit.framework in Frameworks */,
				5DC8C415198656DA00BF5816 /* Foundation.framework in Frameworks */,
			);
			runOnlyForDeploymentPostprocessing = 0;
		};
		5DC8C42F198656DB00BF5816 /* Frameworks */ = {
			isa = PBXFrameworksBuildPhase;
			buildActionMask = 2147483647;
			files = (
				5DC8C434198656DB00BF5816 /* XCTest.framework in Frameworks */,
				5DC8C436198656DB00BF5816 /* UIKit.framework in Frameworks */,
				5DC8C435198656DB00BF5816 /* Foundation.framework in Frameworks */,
			);
			runOnlyForDeploymentPostprocessing = 0;
		};
/* End PBXFrameworksBuildPhase section */

/* Begin PBXGroup section */
		5D38E67F1986703D006F7A59 /* MenuContainer */ = {
			isa = PBXGroup;
			children = (
				5D38E68019867062006F7A59 /* DCMenuContainerViewController.h */,
				5D38E68119867062006F7A59 /* DCMenuContainerViewController.m */,
			);
			name = MenuContainer;
			sourceTree = "<group>";
		};
		5D38E68719868BFE006F7A59 /* Views */ = {
			isa = PBXGroup;
			children = (
				849D92D519AE285700977D67 /* ProgramDetailCells */,
				84A06E2C19ACA3D100104876 /* controls */,
				84A06E2819ACA2B100104876 /* SpeakerCells */,
				5D6449C719893B7E00BC1775 /* ProgramCells */,
				5D38E69E1987A648006F7A59 /* DCtextField */,
				5D38E69A1987A631006F7A59 /* MenuCell */,
			);
			name = Views;
			sourceTree = "<group>";
		};
		5D38E691198692E9006F7A59 /* ConferenceViewControllers */ = {
			isa = PBXGroup;
			children = (
				84A06E3019ACB9AD00104876 /* EventDetail */,
				5D38E692198692E9006F7A59 /* Programs&BoFs */,
				5D38E693198692E9006F7A59 /* Speakers */,
				74A6278919B8A3AC00B46B75 /* Favorites */,
			);
			name = ConferenceViewControllers;
			path = Classes/ConferenceViewControllers;
			sourceTree = "<group>";
		};
		5D38E692198692E9006F7A59 /* Programs&BoFs */ = {
			isa = PBXGroup;
			children = (
				84ABE8F319BEEB8F0019D5DC /* DCEventStrategy.h */,
				84ABE8F419BEEB8F0019D5DC /* DCEventStrategy.m */,
				5D6449AE1989088C00BC1775 /* ProgramItemsViewController */,
				5D38E69719869303006F7A59 /* DCProgramViewController.h */,
				5D38E69819869303006F7A59 /* DCProgramViewController.m */,
			);
			name = "Programs&BoFs";
			path = Program;
			sourceTree = "<group>";
		};
		5D38E693198692E9006F7A59 /* Speakers */ = {
			isa = PBXGroup;
			children = (
				5D38E694198692E9006F7A59 /* DCSpeakersViewController.h */,
				5D38E695198692E9006F7A59 /* DCSpeakersViewController.m */,
				849D92CF19AE07D200977D67 /* DCSpeakersDetailViewController.h */,
				849D92D019AE07D200977D67 /* DCSpeakersDetailViewController.m */,
			);
			path = Speakers;
			sourceTree = "<group>";
		};
		5D38E69A1987A631006F7A59 /* MenuCell */ = {
			isa = PBXGroup;
			children = (
				5D38E69B1987A631006F7A59 /* DCSideMenuCell.h */,
				5D38E69C1987A631006F7A59 /* DCSideMenuCell.m */,
			);
			name = MenuCell;
			path = Classes/Views/MenuCell;
			sourceTree = "<group>";
		};
		5D38E69E1987A648006F7A59 /* DCtextField */ = {
			isa = PBXGroup;
			children = (
				5D38E69F1987A673006F7A59 /* DCTextField.h */,
				5D38E6A01987A673006F7A59 /* DCTextField.m */,
			);
			name = DCtextField;
			sourceTree = "<group>";
		};
		5D6449A91988EC6800BC1775 /* MenuImage */ = {
			isa = PBXGroup;
			children = (
				5D6449A51988E9DA00BC1775 /* DCMenuImage.h */,
				5D6449A61988E9DA00BC1775 /* DCMenuImage.m */,
			);
			name = MenuImage;
			sourceTree = "<group>";
		};
		5D6449AA1988EC7A00BC1775 /* MenuStoryboardHelper */ = {
			isa = PBXGroup;
			children = (
				5D6449AB1988ECA400BC1775 /* DCMenuStoryboardHelper.h */,
				5D6449AC1988ECA400BC1775 /* DCMenuStoryboardHelper.m */,
			);
			name = MenuStoryboardHelper;
			sourceTree = "<group>";
		};
		5D6449AE1989088C00BC1775 /* ProgramItemsViewController */ = {
			isa = PBXGroup;
			children = (
				5D6449AF198908C600BC1775 /* DCProgramItemsViewController.h */,
				5D6449B0198908C600BC1775 /* DCProgramItemsViewController.m */,
			);
			name = ProgramItemsViewController;
			sourceTree = "<group>";
		};
		5D6449C719893B7E00BC1775 /* ProgramCells */ = {
			isa = PBXGroup;
			children = (
				5D6449D4198A93BF00BC1775 /* Headers */,
				84A24FB319C1B254006EF17E /* DCSpeechBaseCell.h */,
				84A24FB419C1B254006EF17E /* DCSpeechBaseCell.m */,
				5D6449C819893BAD00BC1775 /* DCSpeechCell.h */,
				5D6449C919893BAD00BC1775 /* DCSpeechCell.m */,
				5D6449CB19893BC300BC1775 /* DCSpeechOfDayCell.h */,
				5D6449CC19893BC300BC1775 /* DCSpeechOfDayCell.m */,
				5D6449CE19893BD700BC1775 /* DCCofeeCell.h */,
				5D6449CF19893BD700BC1775 /* DCCofeeCell.m */,
				5D6449D119893BEF00BC1775 /* DCLunchCell.h */,
				5D6449D219893BEF00BC1775 /* DCLunchCell.m */,
			);
			name = ProgramCells;
			sourceTree = "<group>";
		};
		5D6449D4198A93BF00BC1775 /* Headers */ = {
			isa = PBXGroup;
			children = (
				5D6449D5198A93E400BC1775 /* DCProgramHeaderCellView.h */,
				5D6449D6198A93E400BC1775 /* DCProgramHeaderCellView.m */,
			);
			name = Headers;
			sourceTree = "<group>";
		};
		5D6449D8198AA9E100BC1775 /* Helpers */ = {
			isa = PBXGroup;
			children = (
				74E837EC19C061A3000D2BE4 /* SDWebImage */,
				849EFE1019A4D63500C43E05 /* DCDataProvider.h */,
				849EFE1119A4D63500C43E05 /* DCDataProvider.m */,
				849CF81F19A6246A00C84675 /* NSDate+DC.h */,
				849CF82019A6246A00C84675 /* NSDate+DC.m */,
				74A43C6B19BDDE9200F7BFA0 /* NSDictionary+DC.h */,
				74A43C6C19BDDE9200F7BFA0 /* NSDictionary+DC.m */,
				84FAE0E619A645E000DC9FF1 /* NSArray+DC.h */,
				74356D5919BF3B290055F13D /* UIWebView+DC.h */,
				74356D5A19BF3B290055F13D /* UIWebView+DC.m */,
				84FAE0E719A645E000DC9FF1 /* NSArray+DC.m */,
				849D92C619ADF31D00977D67 /* UIImageView+DC.h */,
				849D92C719ADF31D00977D67 /* UIImageView+DC.m */,
				74E8381E19C09371000D2BE4 /* NSString+HTML.h */,
				74E8381F19C09371000D2BE4 /* NSString+HTML.m */,
				74356D5619BEE4860055F13D /* Reachability.h */,
				74356D5719BEE4860055F13D /* Reachability.m */,
			);
			name = Helpers;
			sourceTree = "<group>";
		};
		5D6449DC198ABA3C00BC1775 /* AppFacade */ = {
			isa = PBXGroup;
			children = (
				5D6449DD198ABA4E00BC1775 /* DCAppFacade.h */,
				5D6449DE198ABA4E00BC1775 /* DCAppFacade.m */,
			);
			name = AppFacade;
			sourceTree = "<group>";
		};
		5D6449E0198ABD4C00BC1775 /* UIConstants */ = {
			isa = PBXGroup;
			children = (
				5D6449E1198ABD6900BC1775 /* UIConstants.h */,
			);
			name = UIConstants;
			sourceTree = "<group>";
		};
		5DC8C408198656DA00BF5816 = {
			isa = PBXGroup;
			children = (
				5DC8C41A198656DB00BF5816 /* DrupalCon */,
				5DC8C439198656DB00BF5816 /* DrupalConTests */,
				5DC8C413198656DA00BF5816 /* Frameworks */,
				5DC8C412198656DA00BF5816 /* Products */,
			);
			sourceTree = "<group>";
		};
		5DC8C412198656DA00BF5816 /* Products */ = {
			isa = PBXGroup;
			children = (
				5DC8C411198656DA00BF5816 /* DrupalCon.app */,
				5DC8C432198656DB00BF5816 /* DrupalConTests.xctest */,
			);
			name = Products;
			sourceTree = "<group>";
		};
		5DC8C413198656DA00BF5816 /* Frameworks */ = {
			isa = PBXGroup;
			children = (
				74356D5119BEE1D90055F13D /* SystemConfiguration.framework */,
				74E67C7619B6FEF500DF9D71 /* CoreLocation.framework */,
				74A470E719B5EA3C00B01BC5 /* MapKit.framework */,
				849EFDDA19A4ACB800C43E05 /* CoreData.framework */,
				5DC8C414198656DA00BF5816 /* Foundation.framework */,
				5DC8C416198656DA00BF5816 /* CoreGraphics.framework */,
				5DC8C418198656DA00BF5816 /* UIKit.framework */,
				5DC8C433198656DB00BF5816 /* XCTest.framework */,
			);
			name = Frameworks;
			sourceTree = "<group>";
		};
		5DC8C41A198656DB00BF5816 /* DrupalCon */ = {
			isa = PBXGroup;
			children = (
				74086C6319C1E9E20018C825 /* Resources */,
				5DC8C44A1986571300BF5816 /* Classes */,
				5DC8C426198656DB00BF5816 /* Main.storyboard */,
				5DC8C42C198656DB00BF5816 /* Images.xcassets */,
				5DC8C41B198656DB00BF5816 /* Supporting Files */,
			);
			path = DrupalCon;
			sourceTree = "<group>";
		};
		5DC8C41B198656DB00BF5816 /* Supporting Files */ = {
			isa = PBXGroup;
			children = (
				5DC8C41C198656DB00BF5816 /* DrupalCon-Info.plist */,
				5DC8C41D198656DB00BF5816 /* InfoPlist.strings */,
				5DC8C420198656DB00BF5816 /* main.m */,
				5DC8C422198656DB00BF5816 /* DrupalCon-Prefix.pch */,
			);
			name = "Supporting Files";
			sourceTree = "<group>";
		};
		5DC8C439198656DB00BF5816 /* DrupalConTests */ = {
			isa = PBXGroup;
			children = (
				5DC8C43F198656DB00BF5816 /* DrupalConTests.m */,
				5DC8C43A198656DB00BF5816 /* Supporting Files */,
			);
			path = DrupalConTests;
			sourceTree = "<group>";
		};
		5DC8C43A198656DB00BF5816 /* Supporting Files */ = {
			isa = PBXGroup;
			children = (
				5DC8C43B198656DB00BF5816 /* DrupalConTests-Info.plist */,
				5DC8C43C198656DB00BF5816 /* InfoPlist.strings */,
			);
			name = "Supporting Files";
			sourceTree = "<group>";
		};
		5DC8C44A1986571300BF5816 /* Classes */ = {
			isa = PBXGroup;
			children = (
				849EFDA019A49F8600C43E05 /* Model */,
				5D6449E0198ABD4C00BC1775 /* UIConstants */,
				5D6449DC198ABA3C00BC1775 /* AppFacade */,
				5D6449D8198AA9E100BC1775 /* Helpers */,
				5D38E691198692E9006F7A59 /* ConferenceViewControllers */,
				5D38E68719868BFE006F7A59 /* Views */,
				5DC8C460198658FF00BF5816 /* ViewControllers */,
				5DC8C453198658BF00BF5816 /* AppDelegate */,
			);
			name = Classes;
			sourceTree = "<group>";
		};
		5DC8C453198658BF00BF5816 /* AppDelegate */ = {
			isa = PBXGroup;
			children = (
				5DC8C454198658BF00BF5816 /* AppDelegate.h */,
				5DC8C455198658BF00BF5816 /* AppDelegate.m */,
			);
			name = AppDelegate;
			path = Classes/AppDelegate;
			sourceTree = "<group>";
		};
		5DC8C460198658FF00BF5816 /* ViewControllers */ = {
			isa = PBXGroup;
			children = (
				5D38E67F1986703D006F7A59 /* MenuContainer */,
				5DC8C47719865C8400BF5816 /* SideMenu */,
				5DC8C4701986592400BF5816 /* Base */,
				5DC8C461198658FF00BF5816 /* LoginViewController */,
				5DC8C464198658FF00BF5816 /* Sidebar */,
				74A470E219B5B5C400B01BC5 /* About */,
				74A470E619B5E5B900B01BC5 /* Location */,
			);
			name = ViewControllers;
			path = Classes/ViewControllers;
			sourceTree = "<group>";
		};
		5DC8C461198658FF00BF5816 /* LoginViewController */ = {
			isa = PBXGroup;
			children = (
				5DC8C462198658FF00BF5816 /* DCLoginViewController.h */,
				5DC8C463198658FF00BF5816 /* DCLoginViewController.m */,
			);
			path = LoginViewController;
			sourceTree = "<group>";
		};
		5DC8C464198658FF00BF5816 /* Sidebar */ = {
			isa = PBXGroup;
			children = (
				5DC8C465198658FF00BF5816 /* MFSideMenu.h */,
				5DC8C466198658FF00BF5816 /* MFSideMenuContainerViewController.h */,
				5DC8C467198658FF00BF5816 /* MFSideMenuContainerViewController.m */,
				5DC8C468198658FF00BF5816 /* MFSideMenuShadow.h */,
				5DC8C469198658FF00BF5816 /* MFSideMenuShadow.m */,
				5DC8C46A198658FF00BF5816 /* UIViewController+MFSideMenuAdditions.h */,
				5DC8C46B198658FF00BF5816 /* UIViewController+MFSideMenuAdditions.m */,
			);
			path = Sidebar;
			sourceTree = "<group>";
		};
		5DC8C4701986592400BF5816 /* Base */ = {
			isa = PBXGroup;
			children = (
				5DC8C4711986594400BF5816 /* DCBaseViewController.h */,
				5DC8C4721986594400BF5816 /* DCBaseViewController.m */,
				849D92C019ADCCDD00977D67 /* DCNavViewController.h */,
				849D92C119ADCCDD00977D67 /* DCNavViewController.m */,
			);
			path = Base;
			sourceTree = "<group>";
		};
		5DC8C47719865C8400BF5816 /* SideMenu */ = {
			isa = PBXGroup;
			children = (
				5D6449AA1988EC7A00BC1775 /* MenuStoryboardHelper */,
				5D6449A91988EC6800BC1775 /* MenuImage */,
				5DC8C47819865C8400BF5816 /* DCSideMenuViewController.h */,
				5DC8C47919865C8400BF5816 /* DCSideMenuViewController.m */,
				5D6449A81988EA0800BC1775 /* DCSideMenuType.h */,
			);
			path = SideMenu;
			sourceTree = "<group>";
		};
		74086C6319C1E9E20018C825 /* Resources */ = {
			isa = PBXGroup;
			children = (
				74086C6419C1E9F60018C825 /* style.css */,
			);
			name = Resources;
			sourceTree = "<group>";
		};
		74A470E219B5B5C400B01BC5 /* About */ = {
			isa = PBXGroup;
			children = (
				74F0340319B4A965007E4AB9 /* DCAboutViewController.h */,
				74F0340419B4A965007E4AB9 /* DCAboutViewController.m */,
			);
			name = About;
			sourceTree = "<group>";
		};
		74A470E619B5E5B900B01BC5 /* Location */ = {
			isa = PBXGroup;
			children = (
				74E67C7019B6FDF400DF9D71 /* DCLocationViewController.h */,
				74E67C7119B6FDF400DF9D71 /* DCLocationViewController.m */,
				74E67C7319B6FE9800DF9D71 /* DCPin.h */,
				74E67C7419B6FE9800DF9D71 /* DCPin.m */,
			);
			name = Location;
			sourceTree = "<group>";
		};
		74A6278919B8A3AC00B46B75 /* Favorites */ = {
			isa = PBXGroup;
			children = (
				74A6278619B8A37200B46B75 /* DCFavoritesViewController.h */,
				74A6278719B8A37200B46B75 /* DCFavoritesViewController.m */,
				74F159C919B9DD750033B31F /* DCFavoriteSourceManager.h */,
				74F159CA19B9DD750033B31F /* DCFavoriteSourceManager.m */,
			);
			name = Favorites;
			sourceTree = "<group>";
		};
		74E837EC19C061A3000D2BE4 /* SDWebImage */ = {
			isa = PBXGroup;
			children = (
				74E837ED19C061CD000D2BE4 /* MKAnnotationView+WebCache.h */,
				74E837EE19C061CD000D2BE4 /* MKAnnotationView+WebCache.m */,
				74E837EF19C061CD000D2BE4 /* NSData+ImageContentType.h */,
				74E837F019C061CD000D2BE4 /* NSData+ImageContentType.m */,
				74E837F119C061CD000D2BE4 /* SDImageCache.h */,
				74E837F219C061CD000D2BE4 /* SDImageCache.m */,
				74E837F319C061CD000D2BE4 /* SDWebImageCompat.h */,
				74E837F419C061CD000D2BE4 /* SDWebImageCompat.m */,
				74E837F519C061CD000D2BE4 /* SDWebImageDecoder.h */,
				74E837F619C061CD000D2BE4 /* SDWebImageDecoder.m */,
				74E837F719C061CD000D2BE4 /* SDWebImageDownloader.h */,
				74E837F819C061CD000D2BE4 /* SDWebImageDownloader.m */,
				74E837F919C061CD000D2BE4 /* SDWebImageDownloaderOperation.h */,
				74E837FA19C061CD000D2BE4 /* SDWebImageDownloaderOperation.m */,
				74E837FB19C061CD000D2BE4 /* SDWebImageManager.h */,
				74E837FC19C061CD000D2BE4 /* SDWebImageManager.m */,
				74E837FD19C061CD000D2BE4 /* SDWebImageOperation.h */,
				74E837FE19C061CD000D2BE4 /* SDWebImagePrefetcher.h */,
				74E837FF19C061CD000D2BE4 /* SDWebImagePrefetcher.m */,
				74E8380019C061CD000D2BE4 /* UIButton+WebCache.h */,
				74E8380119C061CD000D2BE4 /* UIButton+WebCache.m */,
				74E8380219C061CD000D2BE4 /* UIImage+GIF.h */,
				74E8380319C061CD000D2BE4 /* UIImage+GIF.m */,
				74E8380419C061CD000D2BE4 /* UIImage+MultiFormat.h */,
				74E8380519C061CD000D2BE4 /* UIImage+MultiFormat.m */,
				74E8380619C061CD000D2BE4 /* UIImage+WebP.h */,
				74E8380719C061CD000D2BE4 /* UIImage+WebP.m */,
				74E8380819C061CD000D2BE4 /* UIImageView+HighlightedWebCache.h */,
				74E8380919C061CD000D2BE4 /* UIImageView+HighlightedWebCache.m */,
				74E8380A19C061CD000D2BE4 /* UIImageView+WebCache.h */,
				74E8380B19C061CD000D2BE4 /* UIImageView+WebCache.m */,
				74E8380C19C061CD000D2BE4 /* UIView+WebCacheOperation.h */,
				74E8380D19C061CD000D2BE4 /* UIView+WebCacheOperation.m */,
			);
			name = SDWebImage;
			sourceTree = "<group>";
		};
		849D92D519AE285700977D67 /* ProgramDetailCells */ = {
			isa = PBXGroup;
			children = (
				849D92D619AE295200977D67 /* DCEventDetailTitleCell.h */,
				849D92D719AE295200977D67 /* DCEventDetailTitleCell.m */,
				849D92DF19AE29D100977D67 /* DCEventDetailEmptyCell.h */,
				849D92E019AE29D100977D67 /* DCEventDetailEmptyCell.m */,
				849D92DC19AE29B000977D67 /* DCEventDetailHeader2Cell.h */,
				849D92DD19AE29B000977D67 /* DCEventDetailHeader2Cell.m */,
				849D92E219AE2A6600977D67 /* DCDescriptionTextCell.h */,
				849D92E319AE2A6600977D67 /* DCDescriptionTextCell.m */,
			);
			name = ProgramDetailCells;
			sourceTree = "<group>";
		};
		849EFDA019A49F8600C43E05 /* Model */ = {
			isa = PBXGroup;
			children = (
				849CF82219A62F8600C84675 /* DCMainProxy+Additions.h */,
				849CF82319A62F8600C84675 /* DCMainProxy+Additions.m */,
				849CF80219A5EFEC00C84675 /* DCMainProxy.h */,
				849CF80319A5EFEC00C84675 /* DCMainProxy.m */,
				849EFDD819A4AAC600C43E05 /* DOCategories */,
				849EFDD719A4AAA800C43E05 /* DataObjects */,
				849EFDA119A49FB600C43E05 /* main.xcdatamodeld */,
			);
			name = Model;
			sourceTree = "<group>";
		};
		849EFDD719A4AAA800C43E05 /* DataObjects */ = {
			isa = PBXGroup;
			children = (
				84A24FD419C1F609006EF17E /* DCType.h */,
				84A24FD519C1F609006EF17E /* DCType.m */,
				84A24FD119C1F609006EF17E /* DCTimeRange.h */,
				84A24FD219C1F609006EF17E /* DCTimeRange.m */,
				84A24FCE19C1F609006EF17E /* DCSpeaker.h */,
				84A24FCF19C1F609006EF17E /* DCSpeaker.m */,
				84A24FCB19C1F609006EF17E /* DCEvent.h */,
				84A24FCC19C1F609006EF17E /* DCEvent.m */,
				84A24FC819C1F609006EF17E /* DCTrack.h */,
				84A24FC919C1F609006EF17E /* DCTrack.m */,
				84A24FC519C1F608006EF17E /* DCTime.h */,
				84A24FC619C1F608006EF17E /* DCTime.m */,
				84A24FC219C1F608006EF17E /* DCProgram.h */,
				84A24FC319C1F608006EF17E /* DCProgram.m */,
				84A24FBF19C1F608006EF17E /* DCFavoriteEvent.h */,
				84A24FC019C1F608006EF17E /* DCFavoriteEvent.m */,
				84A24FBC19C1F608006EF17E /* DCLevel.h */,
				84A24FBD19C1F608006EF17E /* DCLevel.m */,
				84A24FB919C1F608006EF17E /* DCLocation.h */,
				84A24FBA19C1F608006EF17E /* DCLocation.m */,
				84A24FB619C1F607006EF17E /* DCBof.h */,
				84A24FB719C1F607006EF17E /* DCBof.m */,
			);
			name = DataObjects;
			sourceTree = "<group>";
		};
		849EFDD819A4AAC600C43E05 /* DOCategories */ = {
			isa = PBXGroup;
			children = (
				849EFE1C19A4EB2100C43E05 /* DCEvent+DC.h */,
				849EFE1D19A4EB2100C43E05 /* DCEvent+DC.m */,
				849EFE1F19A4FB9600C43E05 /* DCProgram+DC.h */,
				849EFE2019A4FB9600C43E05 /* DCProgram+DC.m */,
				840C455319BF419700CC144B /* DCBof+DC.h */,
				840C455419BF419700CC144B /* DCBof+DC.m */,
				849EFE3F19A5067000C43E05 /* DCType+DC.h */,
				849EFE4019A5067000C43E05 /* DCType+DC.m */,
				84FAE10719A65FEA00DC9FF1 /* DCTime+DC.h */,
				84FAE10819A65FEA00DC9FF1 /* DCTime+DC.m */,
				84FAE10A19A6600900DC9FF1 /* DCTimeRange+DC.h */,
				84FAE10B19A6600900DC9FF1 /* DCTimeRange+DC.m */,
				849D92C319ADEA8700977D67 /* DCSpeaker+DC.h */,
				849D92C419ADEA8700977D67 /* DCSpeaker+DC.m */,
				849E851B19AF677A006F43B3 /* DCLevel+DC.h */,
				849E851C19AF677A006F43B3 /* DCLevel+DC.m */,
				849E851E19AF679F006F43B3 /* DCTrack+DC.h */,
				849E851F19AF679F006F43B3 /* DCTrack+DC.m */,
				74E67C7E19B7133C00DF9D71 /* DCLocation+DC.h */,
				74E67C7F19B7133C00DF9D71 /* DCLocation+DC.m */,
			);
			name = DOCategories;
			sourceTree = "<group>";
		};
		84A06E2819ACA2B100104876 /* SpeakerCells */ = {
			isa = PBXGroup;
			children = (
				84A06E2919ACA2F700104876 /* DCSpeakerCell.h */,
				84A06E2A19ACA2F700104876 /* DCSpeakerCell.m */,
				849D92C919ADF98600977D67 /* DCSpeakerHeaderCell.h */,
				849D92CA19ADF98600977D67 /* DCSpeakerHeaderCell.m */,
				849E84FD19AF385D006F43B3 /* DCSpeakerEventCell.h */,
				849E84FE19AF385D006F43B3 /* DCSpeakerEventCell.m */,
			);
			name = SpeakerCells;
			sourceTree = "<group>";
		};
		84A06E2C19ACA3D100104876 /* controls */ = {
			isa = PBXGroup;
			children = (
				84A06E2D19ACA41100104876 /* DCFavoriteButton.h */,
				84A06E2E19ACA41100104876 /* DCFavoriteButton.m */,
			);
			name = controls;
			sourceTree = "<group>";
		};
		84A06E3019ACB9AD00104876 /* EventDetail */ = {
			isa = PBXGroup;
			children = (
				84A06E3119ACBA0600104876 /* DCEventDetailViewController.h */,
				84A06E3219ACBA0600104876 /* DCEventDetailViewController.m */,
			);
			name = EventDetail;
			sourceTree = "<group>";
		};
/* End PBXGroup section */

/* Begin PBXNativeTarget section */
		5DC8C410198656DA00BF5816 /* DrupalCon */ = {
			isa = PBXNativeTarget;
			buildConfigurationList = 5DC8C443198656DB00BF5816 /* Build configuration list for PBXNativeTarget "DrupalCon" */;
			buildPhases = (
				5DC8C40D198656DA00BF5816 /* Sources */,
				5DC8C40E198656DA00BF5816 /* Frameworks */,
				5DC8C40F198656DA00BF5816 /* Resources */,
			);
			buildRules = (
			);
			dependencies = (
			);
			name = DrupalCon;
			productName = DrupalCon;
			productReference = 5DC8C411198656DA00BF5816 /* DrupalCon.app */;
			productType = "com.apple.product-type.application";
		};
		5DC8C431198656DB00BF5816 /* DrupalConTests */ = {
			isa = PBXNativeTarget;
			buildConfigurationList = 5DC8C446198656DB00BF5816 /* Build configuration list for PBXNativeTarget "DrupalConTests" */;
			buildPhases = (
				5DC8C42E198656DB00BF5816 /* Sources */,
				5DC8C42F198656DB00BF5816 /* Frameworks */,
				5DC8C430198656DB00BF5816 /* Resources */,
			);
			buildRules = (
			);
			dependencies = (
				5DC8C438198656DB00BF5816 /* PBXTargetDependency */,
			);
			name = DrupalConTests;
			productName = DrupalConTests;
			productReference = 5DC8C432198656DB00BF5816 /* DrupalConTests.xctest */;
			productType = "com.apple.product-type.bundle.unit-test";
		};
/* End PBXNativeTarget section */

/* Begin PBXProject section */
		5DC8C409198656DA00BF5816 /* Project object */ = {
			isa = PBXProject;
			attributes = {
				CLASSPREFIX = DC;
				LastUpgradeCheck = 0510;
				ORGANIZATIONNAME = "Lemberg Solution";
				TargetAttributes = {
					5DC8C410198656DA00BF5816 = {
						DevelopmentTeam = FN2T3UCV4E;
					};
					5DC8C431198656DB00BF5816 = {
						TestTargetID = 5DC8C410198656DA00BF5816;
					};
				};
			};
			buildConfigurationList = 5DC8C40C198656DA00BF5816 /* Build configuration list for PBXProject "DrupalCon" */;
			compatibilityVersion = "Xcode 3.2";
			developmentRegion = English;
			hasScannedForEncodings = 0;
			knownRegions = (
				en,
				Base,
			);
			mainGroup = 5DC8C408198656DA00BF5816;
			productRefGroup = 5DC8C412198656DA00BF5816 /* Products */;
			projectDirPath = "";
			projectRoot = "";
			targets = (
				5DC8C410198656DA00BF5816 /* DrupalCon */,
				5DC8C431198656DB00BF5816 /* DrupalConTests */,
			);
		};
/* End PBXProject section */

/* Begin PBXResourcesBuildPhase section */
		5DC8C40F198656DA00BF5816 /* Resources */ = {
			isa = PBXResourcesBuildPhase;
			buildActionMask = 2147483647;
			files = (
				5DC8C42D198656DB00BF5816 /* Images.xcassets in Resources */,
				74086C6519C1E9F60018C825 /* style.css in Resources */,
				5DC8C41F198656DB00BF5816 /* InfoPlist.strings in Resources */,
				5DC8C428198656DB00BF5816 /* Main.storyboard in Resources */,
			);
			runOnlyForDeploymentPostprocessing = 0;
		};
		5DC8C430198656DB00BF5816 /* Resources */ = {
			isa = PBXResourcesBuildPhase;
			buildActionMask = 2147483647;
			files = (
				5DC8C43E198656DB00BF5816 /* InfoPlist.strings in Resources */,
			);
			runOnlyForDeploymentPostprocessing = 0;
		};
/* End PBXResourcesBuildPhase section */

/* Begin PBXSourcesBuildPhase section */
		5DC8C40D198656DA00BF5816 /* Sources */ = {
			isa = PBXSourcesBuildPhase;
			buildActionMask = 2147483647;
			files = (
				74E8381D19C061CD000D2BE4 /* UIView+WebCacheOperation.m in Sources */,
				74E8382019C09371000D2BE4 /* NSString+HTML.m in Sources */,
				74E8381019C061CD000D2BE4 /* SDImageCache.m in Sources */,
				5D6449DF198ABA4E00BC1775 /* DCAppFacade.m in Sources */,
				74E8380E19C061CD000D2BE4 /* MKAnnotationView+WebCache.m in Sources */,
				84FAE10919A65FEA00DC9FF1 /* DCTime+DC.m in Sources */,
				849D92D119AE07D200977D67 /* DCSpeakersDetailViewController.m in Sources */,
				5DC8C459198658BF00BF5816 /* AppDelegate.m in Sources */,
				74E67C8019B7133C00DF9D71 /* DCLocation+DC.m in Sources */,
				5D6449CA19893BAD00BC1775 /* DCSpeechCell.m in Sources */,
				849CF80419A5EFEC00C84675 /* DCMainProxy.m in Sources */,
				74E8381419C061CD000D2BE4 /* SDWebImageDownloaderOperation.m in Sources */,
				5D6449D319893BEF00BC1775 /* DCLunchCell.m in Sources */,
				5DC8C46D198658FF00BF5816 /* MFSideMenuContainerViewController.m in Sources */,
				849EFE1E19A4EB2100C43E05 /* DCEvent+DC.m in Sources */,
				74356D5B19BF3B290055F13D /* UIWebView+DC.m in Sources */,
				84A06E3319ACBA0600104876 /* DCEventDetailViewController.m in Sources */,
				849E84FF19AF385D006F43B3 /* DCSpeakerEventCell.m in Sources */,
				849CF82419A62F8600C84675 /* DCMainProxy+Additions.m in Sources */,
				84A24FC119C1F608006EF17E /* DCFavoriteEvent.m in Sources */,
				849D92DE19AE29B000977D67 /* DCEventDetailHeader2Cell.m in Sources */,
				849EFE4119A5067000C43E05 /* DCType+DC.m in Sources */,
				849EFE2119A4FB9600C43E05 /* DCProgram+DC.m in Sources */,
				74E67C7219B6FDF400DF9D71 /* DCLocationViewController.m in Sources */,
				84ABE8F519BEEB8F0019D5DC /* DCEventStrategy.m in Sources */,
				84A24FB819C1F607006EF17E /* DCBof.m in Sources */,
				84A24FCD19C1F609006EF17E /* DCEvent.m in Sources */,
				5D38E68219867062006F7A59 /* DCMenuContainerViewController.m in Sources */,
				849D92C519ADEA8700977D67 /* DCSpeaker+DC.m in Sources */,
				5D38E69D1987A631006F7A59 /* DCSideMenuCell.m in Sources */,
				5DC8C46E198658FF00BF5816 /* MFSideMenuShadow.m in Sources */,
				5D38E696198692E9006F7A59 /* DCSpeakersViewController.m in Sources */,
				84A06E2F19ACA41100104876 /* DCFavoriteButton.m in Sources */,
				84A24FB519C1B254006EF17E /* DCSpeechBaseCell.m in Sources */,
				74E8381719C061CD000D2BE4 /* UIButton+WebCache.m in Sources */,
				74E8381619C061CD000D2BE4 /* SDWebImagePrefetcher.m in Sources */,
				84A06E2B19ACA2F700104876 /* DCSpeakerCell.m in Sources */,
				84A24FD319C1F609006EF17E /* DCTimeRange.m in Sources */,
				84A24FCA19C1F609006EF17E /* DCTrack.m in Sources */,
				84A24FD019C1F609006EF17E /* DCSpeaker.m in Sources */,
				84A24FBE19C1F608006EF17E /* DCLevel.m in Sources */,
				84A24FC419C1F608006EF17E /* DCProgram.m in Sources */,
				74E8381219C061CD000D2BE4 /* SDWebImageDecoder.m in Sources */,
				5D6449B1198908C600BC1775 /* DCProgramItemsViewController.m in Sources */,
				74E67C7519B6FE9800DF9D71 /* DCPin.m in Sources */,
				5D6449A71988E9DA00BC1775 /* DCMenuImage.m in Sources */,
				5D6449AD1988ECA400BC1775 /* DCMenuStoryboardHelper.m in Sources */,
				84FAE0E819A645E000DC9FF1 /* NSArray+DC.m in Sources */,
				840C455519BF419700CC144B /* DCBof+DC.m in Sources */,
				849D92E419AE2A6600977D67 /* DCDescriptionTextCell.m in Sources */,
				84A24FC719C1F608006EF17E /* DCTime.m in Sources */,
				5DC8C46F198658FF00BF5816 /* UIViewController+MFSideMenuAdditions.m in Sources */,
				84FAE10C19A6600900DC9FF1 /* DCTimeRange+DC.m in Sources */,
				849D92D819AE295200977D67 /* DCEventDetailTitleCell.m in Sources */,
				5D6449CD19893BC300BC1775 /* DCSpeechOfDayCell.m in Sources */,
				5DC8C421198656DB00BF5816 /* main.m in Sources */,
				5DC8C47A19865C8400BF5816 /* DCSideMenuViewController.m in Sources */,
				74E8381B19C061CD000D2BE4 /* UIImageView+HighlightedWebCache.m in Sources */,
				74E8381819C061CD000D2BE4 /* UIImage+GIF.m in Sources */,
				5D38E69919869303006F7A59 /* DCProgramViewController.m in Sources */,
				74E8381319C061CD000D2BE4 /* SDWebImageDownloader.m in Sources */,
				5D6449D019893BD700BC1775 /* DCCofeeCell.m in Sources */,
				74E8381A19C061CD000D2BE4 /* UIImage+WebP.m in Sources */,
				74A6278819B8A37200B46B75 /* DCFavoritesViewController.m in Sources */,
				74F0340519B4A965007E4AB9 /* DCAboutViewController.m in Sources */,
				84A24FBB19C1F608006EF17E /* DCLocation.m in Sources */,
				74E8381519C061CD000D2BE4 /* SDWebImageManager.m in Sources */,
				5DC8C46C198658FF00BF5816 /* DCLoginViewController.m in Sources */,
				849D92C219ADCCDD00977D67 /* DCNavViewController.m in Sources */,
				74A43C6D19BDDE9200F7BFA0 /* NSDictionary+DC.m in Sources */,
				849E852019AF679F006F43B3 /* DCTrack+DC.m in Sources */,
				5D38E6A11987A673006F7A59 /* DCTextField.m in Sources */,
				74E8381919C061CD000D2BE4 /* UIImage+MultiFormat.m in Sources */,
				74E8380F19C061CD000D2BE4 /* NSData+ImageContentType.m in Sources */,
				849D92CB19ADF98600977D67 /* DCSpeakerHeaderCell.m in Sources */,
				849D92C819ADF31D00977D67 /* UIImageView+DC.m in Sources */,
				74E8381C19C061CD000D2BE4 /* UIImageView+WebCache.m in Sources */,
				74E8381119C061CD000D2BE4 /* SDWebImageCompat.m in Sources */,
				849CF82119A6246A00C84675 /* NSDate+DC.m in Sources */,
				849D92E119AE29D100977D67 /* DCEventDetailEmptyCell.m in Sources */,
				849E851D19AF677A006F43B3 /* DCLevel+DC.m in Sources */,
				74F159CB19B9DD750033B31F /* DCFavoriteSourceManager.m in Sources */,
				849EFE1219A4D63500C43E05 /* DCDataProvider.m in Sources */,
				5DC8C4731986594400BF5816 /* DCBaseViewController.m in Sources */,
				84A24FD619C1F609006EF17E /* DCType.m in Sources */,
				849EFDA319A49FB600C43E05 /* main.xcdatamodeld in Sources */,
				74356D5819BEE4860055F13D /* Reachability.m in Sources */,
				5D6449D7198A93E400BC1775 /* DCProgramHeaderCellView.m in Sources */,
			);
			runOnlyForDeploymentPostprocessing = 0;
		};
		5DC8C42E198656DB00BF5816 /* Sources */ = {
			isa = PBXSourcesBuildPhase;
			buildActionMask = 2147483647;
			files = (
				5DC8C440198656DB00BF5816 /* DrupalConTests.m in Sources */,
			);
			runOnlyForDeploymentPostprocessing = 0;
		};
/* End PBXSourcesBuildPhase section */

/* Begin PBXTargetDependency section */
		5DC8C438198656DB00BF5816 /* PBXTargetDependency */ = {
			isa = PBXTargetDependency;
			target = 5DC8C410198656DA00BF5816 /* DrupalCon */;
			targetProxy = 5DC8C437198656DB00BF5816 /* PBXContainerItemProxy */;
		};
/* End PBXTargetDependency section */

/* Begin PBXVariantGroup section */
		5DC8C41D198656DB00BF5816 /* InfoPlist.strings */ = {
			isa = PBXVariantGroup;
			children = (
				5DC8C41E198656DB00BF5816 /* en */,
			);
			name = InfoPlist.strings;
			sourceTree = "<group>";
		};
		5DC8C426198656DB00BF5816 /* Main.storyboard */ = {
			isa = PBXVariantGroup;
			children = (
				5DC8C427198656DB00BF5816 /* Base */,
			);
			name = Main.storyboard;
			sourceTree = "<group>";
		};
		5DC8C43C198656DB00BF5816 /* InfoPlist.strings */ = {
			isa = PBXVariantGroup;
			children = (
				5DC8C43D198656DB00BF5816 /* en */,
			);
			name = InfoPlist.strings;
			sourceTree = "<group>";
		};
/* End PBXVariantGroup section */

/* Begin XCBuildConfiguration section */
		5DC8C441198656DB00BF5816 /* Debug */ = {
			isa = XCBuildConfiguration;
			buildSettings = {
				ALWAYS_SEARCH_USER_PATHS = NO;
				CLANG_CXX_LANGUAGE_STANDARD = "gnu++0x";
				CLANG_CXX_LIBRARY = "libc++";
				CLANG_ENABLE_MODULES = YES;
				CLANG_ENABLE_OBJC_ARC = YES;
				CLANG_WARN_BOOL_CONVERSION = YES;
				CLANG_WARN_CONSTANT_CONVERSION = YES;
				CLANG_WARN_DIRECT_OBJC_ISA_USAGE = YES_ERROR;
				CLANG_WARN_EMPTY_BODY = YES;
				CLANG_WARN_ENUM_CONVERSION = YES;
				CLANG_WARN_INT_CONVERSION = YES;
				CLANG_WARN_OBJC_ROOT_CLASS = YES_ERROR;
				CLANG_WARN__DUPLICATE_METHOD_MATCH = YES;
				"CODE_SIGN_IDENTITY[sdk=iphoneos*]" = "iPhone Developer";
				COPY_PHASE_STRIP = NO;
				GCC_C_LANGUAGE_STANDARD = gnu99;
				GCC_DYNAMIC_NO_PIC = NO;
				GCC_OPTIMIZATION_LEVEL = 0;
				GCC_PREPROCESSOR_DEFINITIONS = (
					"DEBUG=1",
					"$(inherited)",
				);
				GCC_SYMBOLS_PRIVATE_EXTERN = NO;
				GCC_WARN_64_TO_32_BIT_CONVERSION = YES;
				GCC_WARN_ABOUT_RETURN_TYPE = YES_ERROR;
				GCC_WARN_UNDECLARED_SELECTOR = YES;
				GCC_WARN_UNINITIALIZED_AUTOS = YES_AGGRESSIVE;
				GCC_WARN_UNUSED_FUNCTION = YES;
				GCC_WARN_UNUSED_VARIABLE = YES;
				IPHONEOS_DEPLOYMENT_TARGET = 7.1;
				ONLY_ACTIVE_ARCH = YES;
				SDKROOT = iphoneos;
			};
			name = Debug;
		};
		5DC8C442198656DB00BF5816 /* Release */ = {
			isa = XCBuildConfiguration;
			buildSettings = {
				ALWAYS_SEARCH_USER_PATHS = NO;
				CLANG_CXX_LANGUAGE_STANDARD = "gnu++0x";
				CLANG_CXX_LIBRARY = "libc++";
				CLANG_ENABLE_MODULES = YES;
				CLANG_ENABLE_OBJC_ARC = YES;
				CLANG_WARN_BOOL_CONVERSION = YES;
				CLANG_WARN_CONSTANT_CONVERSION = YES;
				CLANG_WARN_DIRECT_OBJC_ISA_USAGE = YES_ERROR;
				CLANG_WARN_EMPTY_BODY = YES;
				CLANG_WARN_ENUM_CONVERSION = YES;
				CLANG_WARN_INT_CONVERSION = YES;
				CLANG_WARN_OBJC_ROOT_CLASS = YES_ERROR;
				CLANG_WARN__DUPLICATE_METHOD_MATCH = YES;
				"CODE_SIGN_IDENTITY[sdk=iphoneos*]" = "iPhone Developer";
				COPY_PHASE_STRIP = YES;
				ENABLE_NS_ASSERTIONS = NO;
				GCC_C_LANGUAGE_STANDARD = gnu99;
				GCC_WARN_64_TO_32_BIT_CONVERSION = YES;
				GCC_WARN_ABOUT_RETURN_TYPE = YES_ERROR;
				GCC_WARN_UNDECLARED_SELECTOR = YES;
				GCC_WARN_UNINITIALIZED_AUTOS = YES_AGGRESSIVE;
				GCC_WARN_UNUSED_FUNCTION = YES;
				GCC_WARN_UNUSED_VARIABLE = YES;
				IPHONEOS_DEPLOYMENT_TARGET = 7.1;
				SDKROOT = iphoneos;
				VALIDATE_PRODUCT = YES;
			};
			name = Release;
		};
		5DC8C444198656DB00BF5816 /* Debug */ = {
			isa = XCBuildConfiguration;
			buildSettings = {
				ASSETCATALOG_COMPILER_APPICON_NAME = AppIcon;
				ASSETCATALOG_COMPILER_LAUNCHIMAGE_NAME = LaunchImage;
				CODE_SIGN_IDENTITY = "iPhone Developer";
				GCC_PRECOMPILE_PREFIX_HEADER = YES;
				GCC_PREFIX_HEADER = "DrupalCon/DrupalCon-Prefix.pch";
				INFOPLIST_FILE = "DrupalCon/DrupalCon-Info.plist";
				IPHONEOS_DEPLOYMENT_TARGET = 7.0;
				PRODUCT_NAME = "$(TARGET_NAME)";
				TARGETED_DEVICE_FAMILY = 1;
				WRAPPER_EXTENSION = app;
			};
			name = Debug;
		};
		5DC8C445198656DB00BF5816 /* Release */ = {
			isa = XCBuildConfiguration;
			buildSettings = {
				ASSETCATALOG_COMPILER_APPICON_NAME = AppIcon;
				ASSETCATALOG_COMPILER_LAUNCHIMAGE_NAME = LaunchImage;
				CODE_SIGN_IDENTITY = "iPhone Developer";
				GCC_PRECOMPILE_PREFIX_HEADER = YES;
				GCC_PREFIX_HEADER = "DrupalCon/DrupalCon-Prefix.pch";
				INFOPLIST_FILE = "DrupalCon/DrupalCon-Info.plist";
				IPHONEOS_DEPLOYMENT_TARGET = 7.0;
				PRODUCT_NAME = "$(TARGET_NAME)";
				TARGETED_DEVICE_FAMILY = 1;
				WRAPPER_EXTENSION = app;
			};
			name = Release;
		};
		5DC8C447198656DB00BF5816 /* Debug */ = {
			isa = XCBuildConfiguration;
			buildSettings = {
				BUNDLE_LOADER = "$(BUILT_PRODUCTS_DIR)/DrupalCon.app/DrupalCon";
				FRAMEWORK_SEARCH_PATHS = (
					"$(SDKROOT)/Developer/Library/Frameworks",
					"$(inherited)",
					"$(DEVELOPER_FRAMEWORKS_DIR)",
				);
				GCC_PRECOMPILE_PREFIX_HEADER = YES;
				GCC_PREFIX_HEADER = "DrupalCon/DrupalCon-Prefix.pch";
				GCC_PREPROCESSOR_DEFINITIONS = (
					"DEBUG=1",
					"$(inherited)",
				);
				INFOPLIST_FILE = "DrupalConTests/DrupalConTests-Info.plist";
				PRODUCT_NAME = "$(TARGET_NAME)";
				TEST_HOST = "$(BUNDLE_LOADER)";
				WRAPPER_EXTENSION = xctest;
			};
			name = Debug;
		};
		5DC8C448198656DB00BF5816 /* Release */ = {
			isa = XCBuildConfiguration;
			buildSettings = {
				BUNDLE_LOADER = "$(BUILT_PRODUCTS_DIR)/DrupalCon.app/DrupalCon";
				FRAMEWORK_SEARCH_PATHS = (
					"$(SDKROOT)/Developer/Library/Frameworks",
					"$(inherited)",
					"$(DEVELOPER_FRAMEWORKS_DIR)",
				);
				GCC_PRECOMPILE_PREFIX_HEADER = YES;
				GCC_PREFIX_HEADER = "DrupalCon/DrupalCon-Prefix.pch";
				INFOPLIST_FILE = "DrupalConTests/DrupalConTests-Info.plist";
				PRODUCT_NAME = "$(TARGET_NAME)";
				TEST_HOST = "$(BUNDLE_LOADER)";
				WRAPPER_EXTENSION = xctest;
			};
			name = Release;
		};
/* End XCBuildConfiguration section */

/* Begin XCConfigurationList section */
		5DC8C40C198656DA00BF5816 /* Build configuration list for PBXProject "DrupalCon" */ = {
			isa = XCConfigurationList;
			buildConfigurations = (
				5DC8C441198656DB00BF5816 /* Debug */,
				5DC8C442198656DB00BF5816 /* Release */,
			);
			defaultConfigurationIsVisible = 0;
			defaultConfigurationName = Release;
		};
		5DC8C443198656DB00BF5816 /* Build configuration list for PBXNativeTarget "DrupalCon" */ = {
			isa = XCConfigurationList;
			buildConfigurations = (
				5DC8C444198656DB00BF5816 /* Debug */,
				5DC8C445198656DB00BF5816 /* Release */,
			);
			defaultConfigurationIsVisible = 0;
			defaultConfigurationName = Release;
		};
		5DC8C446198656DB00BF5816 /* Build configuration list for PBXNativeTarget "DrupalConTests" */ = {
			isa = XCConfigurationList;
			buildConfigurations = (
				5DC8C447198656DB00BF5816 /* Debug */,
				5DC8C448198656DB00BF5816 /* Release */,
			);
			defaultConfigurationIsVisible = 0;
			defaultConfigurationName = Release;
		};
/* End XCConfigurationList section */

/* Begin XCVersionGroup section */
		849EFDA119A49FB600C43E05 /* main.xcdatamodeld */ = {
			isa = XCVersionGroup;
			children = (
				849EFDA219A49FB600C43E05 /* main.xcdatamodel */,
			);
			currentVersion = 849EFDA219A49FB600C43E05 /* main.xcdatamodel */;
			name = main.xcdatamodeld;
			path = Model/main.xcdatamodeld;
			sourceTree = "<group>";
			versionGroupType = wrapper.xcdatamodel;
		};
/* End XCVersionGroup section */
	};
	rootObject = 5DC8C409198656DA00BF5816 /* Project object */;
}
